// !$*UTF8*$!
{
	archiveVersion = 1;
	classes = {
	};
	objectVersion = 51;
	objects = {

/* Begin PBXBuildFile section */
		715C2F0C2679178D00DA66F3 /* List.swift in Sources */ = {isa = PBXBuildFile; fileRef = 715C2F0B2679178D00DA66F3 /* List.swift */; };
		715C2F1426791F7700DA66F3 /* Tag.swift in Sources */ = {isa = PBXBuildFile; fileRef = 715C2F1326791F7700DA66F3 /* Tag.swift */; };
		715C2F16267921A700DA66F3 /* Preset.swift in Sources */ = {isa = PBXBuildFile; fileRef = 715C2F15267921A700DA66F3 /* Preset.swift */; };
		715C2F192679244F00DA66F3 /* SpreadSheetHistory.swift in Sources */ = {isa = PBXBuildFile; fileRef = 715C2F182679244F00DA66F3 /* SpreadSheetHistory.swift */; };
		715C2F1C2679AB5500DA66F3 /* Mock.swift in Sources */ = {isa = PBXBuildFile; fileRef = 715C2F1B2679AB5500DA66F3 /* Mock.swift */; };
		715C2F1E2679B1DB00DA66F3 /* TodoMock.swift in Sources */ = {isa = PBXBuildFile; fileRef = 715C2F1D2679B1DB00DA66F3 /* TodoMock.swift */; };
		715C2F20267B64E700DA66F3 /* ListMock.swift in Sources */ = {isa = PBXBuildFile; fileRef = 715C2F1F267B64E700DA66F3 /* ListMock.swift */; };
		715C2F27267CDFDE00DA66F3 /* TodoListView.swift in Sources */ = {isa = PBXBuildFile; fileRef = 715C2F26267CDFDE00DA66F3 /* TodoListView.swift */; };
		715C2F29267CE07F00DA66F3 /* TodoListPresenter.swift in Sources */ = {isa = PBXBuildFile; fileRef = 715C2F28267CE07F00DA66F3 /* TodoListPresenter.swift */; };
		715C2F2D267CE0A800DA66F3 /* TodoListRouter.swift in Sources */ = {isa = PBXBuildFile; fileRef = 715C2F2C267CE0A800DA66F3 /* TodoListRouter.swift */; };
		716AC220268593CE0003A989 /* SampleDataGenerator.swift in Sources */ = {isa = PBXBuildFile; fileRef = 716AC21F268593CE0003A989 /* SampleDataGenerator.swift */; };
		716AC226268725500003A989 /* SpreadSheetTodoUpdateInteractor.swift in Sources */ = {isa = PBXBuildFile; fileRef = 716AC225268725500003A989 /* SpreadSheetTodoUpdateInteractor.swift */; };
		716AC22E268725930003A989 /* TodoDetailView.swift in Sources */ = {isa = PBXBuildFile; fileRef = 716AC22D268725930003A989 /* TodoDetailView.swift */; };
		716AC2302687259E0003A989 /* TodoDetailPresenter.swift in Sources */ = {isa = PBXBuildFile; fileRef = 716AC22F2687259E0003A989 /* TodoDetailPresenter.swift */; };
		716AC232268725B70003A989 /* UpdateTodoInteractor.swift in Sources */ = {isa = PBXBuildFile; fileRef = 716AC231268725B70003A989 /* UpdateTodoInteractor.swift */; };
		716AC237268725EF0003A989 /* TodoAddInteractor.swift in Sources */ = {isa = PBXBuildFile; fileRef = 716AC236268725EF0003A989 /* TodoAddInteractor.swift */; };
		716AC239268725FA0003A989 /* TodoAddPresenter.swift in Sources */ = {isa = PBXBuildFile; fileRef = 716AC238268725FA0003A989 /* TodoAddPresenter.swift */; };
		716AC23B268726060003A989 /* TodoAddView.swift in Sources */ = {isa = PBXBuildFile; fileRef = 716AC23A268726060003A989 /* TodoAddView.swift */; };
		716AC241268726500003A989 /* SpreadSheetSearchView.swift in Sources */ = {isa = PBXBuildFile; fileRef = 716AC240268726500003A989 /* SpreadSheetSearchView.swift */; };
		716AC2432687265C0003A989 /* SpreadSheetSearchPresenter.swift in Sources */ = {isa = PBXBuildFile; fileRef = 716AC2422687265C0003A989 /* SpreadSheetSearchPresenter.swift */; };
		716AC2452687267F0003A989 /* SpreadSheetSearchInteractor.swift in Sources */ = {isa = PBXBuildFile; fileRef = 716AC2442687267F0003A989 /* SpreadSheetSearchInteractor.swift */; };
		716AC24A268727310003A989 /* SpreadSheetRegisterInteractor.swift in Sources */ = {isa = PBXBuildFile; fileRef = 716AC249268727310003A989 /* SpreadSheetRegisterInteractor.swift */; };
		716AC24C2687273B0003A989 /* SpreadSheetView.swift in Sources */ = {isa = PBXBuildFile; fileRef = 716AC24B2687273B0003A989 /* SpreadSheetView.swift */; };
		716AC24E268727430003A989 /* SpreadSheetPresenter.swift in Sources */ = {isa = PBXBuildFile; fileRef = 716AC24D268727430003A989 /* SpreadSheetPresenter.swift */; };
		716AC2502687274E0003A989 /* SettingsRouter.swift in Sources */ = {isa = PBXBuildFile; fileRef = 716AC24F2687274E0003A989 /* SettingsRouter.swift */; };
		716AC254268727630003A989 /* SettingsPresenter.swift in Sources */ = {isa = PBXBuildFile; fileRef = 716AC253268727630003A989 /* SettingsPresenter.swift */; };
		716AC258268727950003A989 /* SettingsView.swift in Sources */ = {isa = PBXBuildFile; fileRef = 716AC257268727950003A989 /* SettingsView.swift */; };
		716AC25A268727B10003A989 /* SettingsInteractor.swift in Sources */ = {isa = PBXBuildFile; fileRef = 716AC259268727B10003A989 /* SettingsInteractor.swift */; };
		716E8EC4267E5E470088A04D /* TodoListRow.swift in Sources */ = {isa = PBXBuildFile; fileRef = 716E8EC3267E5E470088A04D /* TodoListRow.swift */; };
		717F944626774ED400D11C58 /* AppDelegate.swift in Sources */ = {isa = PBXBuildFile; fileRef = 717F944526774ED400D11C58 /* AppDelegate.swift */; };
		717F944826774ED400D11C58 /* SceneDelegate.swift in Sources */ = {isa = PBXBuildFile; fileRef = 717F944726774ED400D11C58 /* SceneDelegate.swift */; };
		717F944A26774ED400D11C58 /* ContentView.swift in Sources */ = {isa = PBXBuildFile; fileRef = 717F944926774ED400D11C58 /* ContentView.swift */; };
		717F944C26774EE200D11C58 /* Assets.xcassets in Resources */ = {isa = PBXBuildFile; fileRef = 717F944B26774EE200D11C58 /* Assets.xcassets */; };
		717F944F26774EE200D11C58 /* Preview Assets.xcassets in Resources */ = {isa = PBXBuildFile; fileRef = 717F944E26774EE200D11C58 /* Preview Assets.xcassets */; };
		717F945226774EE200D11C58 /* LaunchScreen.storyboard in Resources */ = {isa = PBXBuildFile; fileRef = 717F945026774EE200D11C58 /* LaunchScreen.storyboard */; };
		71A190A12680C9B000C6D6E8 /* UseCase.swift in Sources */ = {isa = PBXBuildFile; fileRef = 71A190A02680C9B000C6D6E8 /* UseCase.swift */; };
		71A190A32680CC5B00C6D6E8 /* TodoFetchInteractor.swift in Sources */ = {isa = PBXBuildFile; fileRef = 71A190A22680CC5B00C6D6E8 /* TodoFetchInteractor.swift */; };
		71AA3DBC2680CE65005D1CCC /* TodoUpdateInteractor.swift in Sources */ = {isa = PBXBuildFile; fileRef = 71AA3DBB2680CE65005D1CCC /* TodoUpdateInteractor.swift */; };
		71AA3DBE2680D576005D1CCC /* Repository.swift in Sources */ = {isa = PBXBuildFile; fileRef = 71AA3DBD2680D576005D1CCC /* Repository.swift */; };
		71AA3DC02680DEC2005D1CCC /* TodoListRepository.swift in Sources */ = {isa = PBXBuildFile; fileRef = 71AA3DBF2680DEC2005D1CCC /* TodoListRepository.swift */; };
		71AA3DC32680DEF3005D1CCC /* SampleTodoListRepository.swift in Sources */ = {isa = PBXBuildFile; fileRef = 71AA3DC22680DEF3005D1CCC /* SampleTodoListRepository.swift */; };
		71AA3DC726814B95005D1CCC /* SpreadSheetTodoAttribute.swift in Sources */ = {isa = PBXBuildFile; fileRef = 71AA3DC626814B95005D1CCC /* SpreadSheetTodoAttribute.swift */; };
		71AA3DC92682E773005D1CCC /* ListFetchInteractor.swift in Sources */ = {isa = PBXBuildFile; fileRef = 71AA3DC82682E773005D1CCC /* ListFetchInteractor.swift */; };
		71AF451A26790DA70084364A /* Todo.swift in Sources */ = {isa = PBXBuildFile; fileRef = 71AF451926790DA70084364A /* Todo.swift */; };
		9FD5277028064CE4AE7F173A /* Pods_commit.framework in Frameworks */ = {isa = PBXBuildFile; fileRef = 3C4194718BA40140F9EF0C2D /* Pods_commit.framework */; };
/* End PBXBuildFile section */

/* Begin PBXFileReference section */
		0A28657290E5C6EB7881A125 /* Pods-commit.release.xcconfig */ = {isa = PBXFileReference; includeInIndex = 1; lastKnownFileType = text.xcconfig; name = "Pods-commit.release.xcconfig"; path = "Target Support Files/Pods-commit/Pods-commit.release.xcconfig"; sourceTree = "<group>"; };
		3C4194718BA40140F9EF0C2D /* Pods_commit.framework */ = {isa = PBXFileReference; explicitFileType = wrapper.framework; includeInIndex = 0; path = Pods_commit.framework; sourceTree = BUILT_PRODUCTS_DIR; };
		715C2F0B2679178D00DA66F3 /* List.swift */ = {isa = PBXFileReference; lastKnownFileType = sourcecode.swift; path = List.swift; sourceTree = "<group>"; };
		715C2F1326791F7700DA66F3 /* Tag.swift */ = {isa = PBXFileReference; lastKnownFileType = sourcecode.swift; path = Tag.swift; sourceTree = "<group>"; };
		715C2F15267921A700DA66F3 /* Preset.swift */ = {isa = PBXFileReference; lastKnownFileType = sourcecode.swift; path = Preset.swift; sourceTree = "<group>"; };
		715C2F182679244F00DA66F3 /* SpreadSheetHistory.swift */ = {isa = PBXFileReference; lastKnownFileType = sourcecode.swift; path = SpreadSheetHistory.swift; sourceTree = "<group>"; };
		715C2F1B2679AB5500DA66F3 /* Mock.swift */ = {isa = PBXFileReference; lastKnownFileType = sourcecode.swift; path = Mock.swift; sourceTree = "<group>"; };
		715C2F1D2679B1DB00DA66F3 /* TodoMock.swift */ = {isa = PBXFileReference; lastKnownFileType = sourcecode.swift; path = TodoMock.swift; sourceTree = "<group>"; };
		715C2F1F267B64E700DA66F3 /* ListMock.swift */ = {isa = PBXFileReference; lastKnownFileType = sourcecode.swift; path = ListMock.swift; sourceTree = "<group>"; };
		715C2F26267CDFDE00DA66F3 /* TodoListView.swift */ = {isa = PBXFileReference; lastKnownFileType = sourcecode.swift; path = TodoListView.swift; sourceTree = "<group>"; };
		715C2F28267CE07F00DA66F3 /* TodoListPresenter.swift */ = {isa = PBXFileReference; lastKnownFileType = sourcecode.swift; path = TodoListPresenter.swift; sourceTree = "<group>"; };
		715C2F2C267CE0A800DA66F3 /* TodoListRouter.swift */ = {isa = PBXFileReference; lastKnownFileType = sourcecode.swift; path = TodoListRouter.swift; sourceTree = "<group>"; };
		716AC21F268593CE0003A989 /* SampleDataGenerator.swift */ = {isa = PBXFileReference; lastKnownFileType = sourcecode.swift; path = SampleDataGenerator.swift; sourceTree = "<group>"; };
		716AC225268725500003A989 /* SpreadSheetTodoUpdateInteractor.swift */ = {isa = PBXFileReference; lastKnownFileType = sourcecode.swift; path = SpreadSheetTodoUpdateInteractor.swift; sourceTree = "<group>"; };
		716AC22D268725930003A989 /* TodoDetailView.swift */ = {isa = PBXFileReference; lastKnownFileType = sourcecode.swift; path = TodoDetailView.swift; sourceTree = "<group>"; };
		716AC22F2687259E0003A989 /* TodoDetailPresenter.swift */ = {isa = PBXFileReference; lastKnownFileType = sourcecode.swift; path = TodoDetailPresenter.swift; sourceTree = "<group>"; };
		716AC231268725B70003A989 /* UpdateTodoInteractor.swift */ = {isa = PBXFileReference; lastKnownFileType = sourcecode.swift; path = UpdateTodoInteractor.swift; sourceTree = "<group>"; };
		716AC236268725EF0003A989 /* TodoAddInteractor.swift */ = {isa = PBXFileReference; lastKnownFileType = sourcecode.swift; path = TodoAddInteractor.swift; sourceTree = "<group>"; };
		716AC238268725FA0003A989 /* TodoAddPresenter.swift */ = {isa = PBXFileReference; lastKnownFileType = sourcecode.swift; path = TodoAddPresenter.swift; sourceTree = "<group>"; };
		716AC23A268726060003A989 /* TodoAddView.swift */ = {isa = PBXFileReference; lastKnownFileType = sourcecode.swift; path = TodoAddView.swift; sourceTree = "<group>"; };
		716AC240268726500003A989 /* SpreadSheetSearchView.swift */ = {isa = PBXFileReference; lastKnownFileType = sourcecode.swift; path = SpreadSheetSearchView.swift; sourceTree = "<group>"; };
		716AC2422687265C0003A989 /* SpreadSheetSearchPresenter.swift */ = {isa = PBXFileReference; lastKnownFileType = sourcecode.swift; path = SpreadSheetSearchPresenter.swift; sourceTree = "<group>"; };
		716AC2442687267F0003A989 /* SpreadSheetSearchInteractor.swift */ = {isa = PBXFileReference; lastKnownFileType = sourcecode.swift; path = SpreadSheetSearchInteractor.swift; sourceTree = "<group>"; };
		716AC249268727310003A989 /* SpreadSheetRegisterInteractor.swift */ = {isa = PBXFileReference; lastKnownFileType = sourcecode.swift; path = SpreadSheetRegisterInteractor.swift; sourceTree = "<group>"; };
		716AC24B2687273B0003A989 /* SpreadSheetView.swift */ = {isa = PBXFileReference; lastKnownFileType = sourcecode.swift; path = SpreadSheetView.swift; sourceTree = "<group>"; };
		716AC24D268727430003A989 /* SpreadSheetPresenter.swift */ = {isa = PBXFileReference; lastKnownFileType = sourcecode.swift; path = SpreadSheetPresenter.swift; sourceTree = "<group>"; };
		716AC24F2687274E0003A989 /* SettingsRouter.swift */ = {isa = PBXFileReference; lastKnownFileType = sourcecode.swift; name = SettingsRouter.swift; path = commit/Modules/SpreadSheetAddModule/Presenter/SettingsRouter.swift; sourceTree = SOURCE_ROOT; };
		716AC253268727630003A989 /* SettingsPresenter.swift */ = {isa = PBXFileReference; lastKnownFileType = sourcecode.swift; name = SettingsPresenter.swift; path = commit/Modules/SpreadSheetAddModule/Presenter/SettingsPresenter.swift; sourceTree = SOURCE_ROOT; };
		716AC257268727950003A989 /* SettingsView.swift */ = {isa = PBXFileReference; lastKnownFileType = sourcecode.swift; name = SettingsView.swift; path = commit/Modules/SpreadSheetAddModule/Presenter/SettingsView.swift; sourceTree = SOURCE_ROOT; };
		716AC259268727B10003A989 /* SettingsInteractor.swift */ = {isa = PBXFileReference; lastKnownFileType = sourcecode.swift; name = SettingsInteractor.swift; path = commit/Modules/SpreadSheetAddModule/Presenter/SettingsInteractor.swift; sourceTree = SOURCE_ROOT; };
		716E8EC3267E5E470088A04D /* TodoListRow.swift */ = {isa = PBXFileReference; lastKnownFileType = sourcecode.swift; path = TodoListRow.swift; sourceTree = "<group>"; };
		717F944226774ED400D11C58 /* commit.app */ = {isa = PBXFileReference; explicitFileType = wrapper.application; includeInIndex = 0; path = commit.app; sourceTree = BUILT_PRODUCTS_DIR; };
		717F944526774ED400D11C58 /* AppDelegate.swift */ = {isa = PBXFileReference; lastKnownFileType = sourcecode.swift; path = AppDelegate.swift; sourceTree = "<group>"; };
		717F944726774ED400D11C58 /* SceneDelegate.swift */ = {isa = PBXFileReference; lastKnownFileType = sourcecode.swift; path = SceneDelegate.swift; sourceTree = "<group>"; };
		717F944926774ED400D11C58 /* ContentView.swift */ = {isa = PBXFileReference; lastKnownFileType = sourcecode.swift; path = ContentView.swift; sourceTree = "<group>"; };
		717F944B26774EE200D11C58 /* Assets.xcassets */ = {isa = PBXFileReference; lastKnownFileType = folder.assetcatalog; path = Assets.xcassets; sourceTree = "<group>"; };
		717F944E26774EE200D11C58 /* Preview Assets.xcassets */ = {isa = PBXFileReference; lastKnownFileType = folder.assetcatalog; path = "Preview Assets.xcassets"; sourceTree = "<group>"; };
		717F945126774EE200D11C58 /* Base */ = {isa = PBXFileReference; lastKnownFileType = file.storyboard; name = Base; path = Base.lproj/LaunchScreen.storyboard; sourceTree = "<group>"; };
		717F945326774EE200D11C58 /* Info.plist */ = {isa = PBXFileReference; lastKnownFileType = text.plist.xml; path = Info.plist; sourceTree = "<group>"; };
		71A190A02680C9B000C6D6E8 /* UseCase.swift */ = {isa = PBXFileReference; lastKnownFileType = sourcecode.swift; path = UseCase.swift; sourceTree = "<group>"; };
		71A190A22680CC5B00C6D6E8 /* TodoFetchInteractor.swift */ = {isa = PBXFileReference; lastKnownFileType = sourcecode.swift; path = TodoFetchInteractor.swift; sourceTree = "<group>"; };
		71AA3DBB2680CE65005D1CCC /* TodoUpdateInteractor.swift */ = {isa = PBXFileReference; lastKnownFileType = sourcecode.swift; path = TodoUpdateInteractor.swift; sourceTree = "<group>"; };
		71AA3DBD2680D576005D1CCC /* Repository.swift */ = {isa = PBXFileReference; lastKnownFileType = sourcecode.swift; path = Repository.swift; sourceTree = "<group>"; };
		71AA3DBF2680DEC2005D1CCC /* TodoListRepository.swift */ = {isa = PBXFileReference; lastKnownFileType = sourcecode.swift; path = TodoListRepository.swift; sourceTree = "<group>"; };
		71AA3DC22680DEF3005D1CCC /* SampleTodoListRepository.swift */ = {isa = PBXFileReference; lastKnownFileType = sourcecode.swift; path = SampleTodoListRepository.swift; sourceTree = "<group>"; };
		71AA3DC626814B95005D1CCC /* SpreadSheetTodoAttribute.swift */ = {isa = PBXFileReference; lastKnownFileType = sourcecode.swift; path = SpreadSheetTodoAttribute.swift; sourceTree = "<group>"; };
		71AA3DC82682E773005D1CCC /* ListFetchInteractor.swift */ = {isa = PBXFileReference; lastKnownFileType = sourcecode.swift; path = ListFetchInteractor.swift; sourceTree = "<group>"; };
		71AF451926790DA70084364A /* Todo.swift */ = {isa = PBXFileReference; lastKnownFileType = sourcecode.swift; path = Todo.swift; sourceTree = "<group>"; };
		7B924A41A2AB38982B6AE3C2 /* Pods-commit.debug.xcconfig */ = {isa = PBXFileReference; includeInIndex = 1; lastKnownFileType = text.xcconfig; name = "Pods-commit.debug.xcconfig"; path = "Target Support Files/Pods-commit/Pods-commit.debug.xcconfig"; sourceTree = "<group>"; };
/* End PBXFileReference section */

/* Begin PBXFrameworksBuildPhase section */
		717F943F26774ED400D11C58 /* Frameworks */ = {
			isa = PBXFrameworksBuildPhase;
			buildActionMask = 2147483647;
			files = (
				9FD5277028064CE4AE7F173A /* Pods_commit.framework in Frameworks */,
			);
			runOnlyForDeploymentPostprocessing = 0;
		};
/* End PBXFrameworksBuildPhase section */

/* Begin PBXGroup section */
		242FEDDA9055A23CD6779021 /* Frameworks */ = {
			isa = PBXGroup;
			children = (
				3C4194718BA40140F9EF0C2D /* Pods_commit.framework */,
			);
			name = Frameworks;
			sourceTree = "<group>";
		};
		715C2F1A2679AA9300DA66F3 /* Mock */ = {
			isa = PBXGroup;
			children = (
				715C2F1B2679AB5500DA66F3 /* Mock.swift */,
				715C2F1D2679B1DB00DA66F3 /* TodoMock.swift */,
				715C2F1F267B64E700DA66F3 /* ListMock.swift */,
				716AC21F268593CE0003A989 /* SampleDataGenerator.swift */,
			);
			path = Mock;
			sourceTree = "<group>";
		};
		716AC227268725570003A989 /* Interactor */ = {
			isa = PBXGroup;
			children = (
				716AC231268725B70003A989 /* UpdateTodoInteractor.swift */,
			);
			path = Interactor;
			sourceTree = "<group>";
		};
		716AC2282687255C0003A989 /* Presenter */ = {
			isa = PBXGroup;
			children = (
				716AC22F2687259E0003A989 /* TodoDetailPresenter.swift */,
			);
			path = Presenter;
			sourceTree = "<group>";
		};
		716AC229268725600003A989 /* View */ = {
			isa = PBXGroup;
			children = (
				716AC22D268725930003A989 /* TodoDetailView.swift */,
			);
			path = View;
			sourceTree = "<group>";
		};
		716AC233268725C30003A989 /* View */ = {
			isa = PBXGroup;
			children = (
				716AC23A268726060003A989 /* TodoAddView.swift */,
			);
			path = View;
			sourceTree = "<group>";
		};
		716AC234268725C80003A989 /* Presenter */ = {
			isa = PBXGroup;
			children = (
				716AC238268725FA0003A989 /* TodoAddPresenter.swift */,
			);
			path = Presenter;
			sourceTree = "<group>";
		};
		716AC235268725CA0003A989 /* Interactor */ = {
			isa = PBXGroup;
			children = (
				716AC236268725EF0003A989 /* TodoAddInteractor.swift */,
			);
			path = Interactor;
			sourceTree = "<group>";
		};
		716AC23C2687262A0003A989 /* SpreadSheetSearchModule */ = {
			isa = PBXGroup;
			children = (
				716AC23F2687263D0003A989 /* Interactor */,
				716AC23E2687263A0003A989 /* Presenter */,
				716AC23D268726360003A989 /* View */,
			);
			path = SpreadSheetSearchModule;
			sourceTree = "<group>";
		};
		716AC23D268726360003A989 /* View */ = {
			isa = PBXGroup;
			children = (
				716AC240268726500003A989 /* SpreadSheetSearchView.swift */,
			);
			path = View;
			sourceTree = "<group>";
		};
		716AC23E2687263A0003A989 /* Presenter */ = {
			isa = PBXGroup;
			children = (
				716AC2422687265C0003A989 /* SpreadSheetSearchPresenter.swift */,
			);
			path = Presenter;
			sourceTree = "<group>";
		};
		716AC23F2687263D0003A989 /* Interactor */ = {
			isa = PBXGroup;
			children = (
				716AC2442687267F0003A989 /* SpreadSheetSearchInteractor.swift */,
			);
			path = Interactor;
			sourceTree = "<group>";
		};
		716AC2462687268B0003A989 /* Interactor */ = {
			isa = PBXGroup;
			children = (
				716AC249268727310003A989 /* SpreadSheetRegisterInteractor.swift */,
			);
			path = Interactor;
			sourceTree = "<group>";
		};
		716AC247268726D00003A989 /* View */ = {
			isa = PBXGroup;
			children = (
				716AC24B2687273B0003A989 /* SpreadSheetView.swift */,
			);
			path = View;
			sourceTree = "<group>";
		};
		716AC248268726D30003A989 /* Presenter */ = {
			isa = PBXGroup;
			children = (
				716AC24D268727430003A989 /* SpreadSheetPresenter.swift */,
			);
			path = Presenter;
			sourceTree = "<group>";
		};
		717F943926774ED400D11C58 = {
			isa = PBXGroup;
			children = (
				717F944426774ED400D11C58 /* commit */,
				717F944326774ED400D11C58 /* Products */,
				7601617007C297B650C3B68D /* Pods */,
				242FEDDA9055A23CD6779021 /* Frameworks */,
			);
			sourceTree = "<group>";
		};
		717F944326774ED400D11C58 /* Products */ = {
			isa = PBXGroup;
			children = (
				717F944226774ED400D11C58 /* commit.app */,
			);
			name = Products;
			sourceTree = "<group>";
		};
		717F944426774ED400D11C58 /* commit */ = {
			isa = PBXGroup;
			children = (
				717F945A26774FE800D11C58 /* Common */,
				717F945926774F7A00D11C58 /* Modules */,
				717F944526774ED400D11C58 /* AppDelegate.swift */,
				717F944726774ED400D11C58 /* SceneDelegate.swift */,
				717F944926774ED400D11C58 /* ContentView.swift */,
				717F944B26774EE200D11C58 /* Assets.xcassets */,
				717F945026774EE200D11C58 /* LaunchScreen.storyboard */,
				717F945326774EE200D11C58 /* Info.plist */,
				717F944D26774EE200D11C58 /* Preview Content */,
			);
			path = commit;
			sourceTree = "<group>";
		};
		717F944D26774EE200D11C58 /* Preview Content */ = {
			isa = PBXGroup;
			children = (
				717F944E26774EE200D11C58 /* Preview Assets.xcassets */,
			);
			path = "Preview Content";
			sourceTree = "<group>";
		};
		717F945926774F7A00D11C58 /* Modules */ = {
			isa = PBXGroup;
			children = (
				716AC23C2687262A0003A989 /* SpreadSheetSearchModule */,
				717F945F2677501000D11C58 /* SettingsModule */,
				717F945E2677500400D11C58 /* SpreadSheetAddModule */,
				717F945D26774FFF00D11C58 /* TodoAddModule */,
				717F945C26774FF700D11C58 /* TodoDetailModule */,
				717F945B26774FF200D11C58 /* TodoListModule */,
			);
			path = Modules;
			sourceTree = "<group>";
		};
		717F945A26774FE800D11C58 /* Common */ = {
			isa = PBXGroup;
			children = (
				715C2F1A2679AA9300DA66F3 /* Mock */,
				717F9467267751D400D11C58 /* WebAPI */,
				717F9466267751BE00D11C58 /* Protocol */,
				717F94612677505C00D11C58 /* Repository */,
				717F94602677505600D11C58 /* Entity */,
			);
			path = Common;
			sourceTree = "<group>";
		};
		717F945B26774FF200D11C58 /* TodoListModule */ = {
			isa = PBXGroup;
			children = (
				71AA3DC12680DED9005D1CCC /* DataSource */,
				71AA3DBA2680CE0C005D1CCC /* Interactor */,
				71AA3DB82680CE0C005D1CCC /* Presenter */,
				71AA3DB92680CE0C005D1CCC /* Router */,
				71AA3DB72680CE0C005D1CCC /* View */,
			);
			path = TodoListModule;
			sourceTree = "<group>";
		};
		717F945C26774FF700D11C58 /* TodoDetailModule */ = {
			isa = PBXGroup;
			children = (
				716AC229268725600003A989 /* View */,
				716AC2282687255C0003A989 /* Presenter */,
				716AC227268725570003A989 /* Interactor */,
			);
			path = TodoDetailModule;
			sourceTree = "<group>";
		};
		717F945D26774FFF00D11C58 /* TodoAddModule */ = {
			isa = PBXGroup;
			children = (
				716AC235268725CA0003A989 /* Interactor */,
				716AC234268725C80003A989 /* Presenter */,
				716AC233268725C30003A989 /* View */,
			);
			path = TodoAddModule;
			sourceTree = "<group>";
		};
		717F945E2677500400D11C58 /* SpreadSheetAddModule */ = {
			isa = PBXGroup;
			children = (
				716AC248268726D30003A989 /* Presenter */,
				716AC247268726D00003A989 /* View */,
				716AC2462687268B0003A989 /* Interactor */,
			);
			path = SpreadSheetAddModule;
			sourceTree = "<group>";
		};
		717F945F2677501000D11C58 /* SettingsModule */ = {
			isa = PBXGroup;
			children = (
				717F94652677508400D11C58 /* Router */,
				717F94642677507700D11C58 /* Interactor */,
				717F94632677507400D11C58 /* Presenter */,
				717F94622677507200D11C58 /* View */,
			);
			path = SettingsModule;
			sourceTree = "<group>";
		};
		717F94602677505600D11C58 /* Entity */ = {
			isa = PBXGroup;
			children = (
				71AF451926790DA70084364A /* Todo.swift */,
				715C2F0B2679178D00DA66F3 /* List.swift */,
				715C2F1326791F7700DA66F3 /* Tag.swift */,
				715C2F15267921A700DA66F3 /* Preset.swift */,
				715C2F182679244F00DA66F3 /* SpreadSheetHistory.swift */,
				71AA3DC626814B95005D1CCC /* SpreadSheetTodoAttribute.swift */,
			);
			path = Entity;
			sourceTree = "<group>";
		};
		717F94612677505C00D11C58 /* Repository */ = {
			isa = PBXGroup;
			children = (
			);
			path = Repository;
			sourceTree = "<group>";
		};
		717F94622677507200D11C58 /* View */ = {
			isa = PBXGroup;
			children = (
				716AC257268727950003A989 /* SettingsView.swift */,
			);
			path = View;
			sourceTree = "<group>";
		};
		717F94632677507400D11C58 /* Presenter */ = {
			isa = PBXGroup;
			children = (
				716AC253268727630003A989 /* SettingsPresenter.swift */,
			);
			path = Presenter;
			sourceTree = "<group>";
		};
		717F94642677507700D11C58 /* Interactor */ = {
			isa = PBXGroup;
			children = (
				716AC259268727B10003A989 /* SettingsInteractor.swift */,
			);
			path = Interactor;
			sourceTree = "<group>";
		};
		717F94652677508400D11C58 /* Router */ = {
			isa = PBXGroup;
			children = (
				716AC24F2687274E0003A989 /* SettingsRouter.swift */,
			);
			path = Router;
			sourceTree = "<group>";
		};
		717F9466267751BE00D11C58 /* Protocol */ = {
			isa = PBXGroup;
			children = (
				71A190A02680C9B000C6D6E8 /* UseCase.swift */,
				71AA3DBD2680D576005D1CCC /* Repository.swift */,
			);
			path = Protocol;
			sourceTree = "<group>";
		};
		717F9467267751D400D11C58 /* WebAPI */ = {
			isa = PBXGroup;
			children = (
			);
			path = WebAPI;
			sourceTree = "<group>";
		};
		71AA3DB72680CE0C005D1CCC /* View */ = {
			isa = PBXGroup;
			children = (
				715C2F26267CDFDE00DA66F3 /* TodoListView.swift */,
				716E8EC3267E5E470088A04D /* TodoListRow.swift */,
			);
			path = View;
			sourceTree = "<group>";
		};
		71AA3DB82680CE0C005D1CCC /* Presenter */ = {
			isa = PBXGroup;
			children = (
				715C2F28267CE07F00DA66F3 /* TodoListPresenter.swift */,
			);
			path = Presenter;
			sourceTree = "<group>";
		};
		71AA3DB92680CE0C005D1CCC /* Router */ = {
			isa = PBXGroup;
			children = (
				715C2F2C267CE0A800DA66F3 /* TodoListRouter.swift */,
			);
			path = Router;
			sourceTree = "<group>";
		};
		71AA3DBA2680CE0C005D1CCC /* Interactor */ = {
			isa = PBXGroup;
			children = (
				71A190A22680CC5B00C6D6E8 /* TodoFetchInteractor.swift */,
				71AA3DBB2680CE65005D1CCC /* TodoUpdateInteractor.swift */,
				71AA3DC82682E773005D1CCC /* ListFetchInteractor.swift */,
				716AC225268725500003A989 /* SpreadSheetTodoUpdateInteractor.swift */,
			);
			path = Interactor;
			sourceTree = "<group>";
		};
		71AA3DC12680DED9005D1CCC /* DataSource */ = {
			isa = PBXGroup;
			children = (
				71AA3DBF2680DEC2005D1CCC /* TodoListRepository.swift */,
				71AA3DC22680DEF3005D1CCC /* SampleTodoListRepository.swift */,
			);
			path = DataSource;
			sourceTree = "<group>";
		};
		7601617007C297B650C3B68D /* Pods */ = {
			isa = PBXGroup;
			children = (
				7B924A41A2AB38982B6AE3C2 /* Pods-commit.debug.xcconfig */,
				0A28657290E5C6EB7881A125 /* Pods-commit.release.xcconfig */,
			);
			path = Pods;
			sourceTree = "<group>";
		};
/* End PBXGroup section */

/* Begin PBXNativeTarget section */
		717F944126774ED400D11C58 /* commit */ = {
			isa = PBXNativeTarget;
			buildConfigurationList = 717F945626774EE200D11C58 /* Build configuration list for PBXNativeTarget "commit" */;
			buildPhases = (
				491F4F05B8C209D1B5AE79F1 /* [CP] Check Pods Manifest.lock */,
				717F943E26774ED400D11C58 /* Sources */,
				717F943F26774ED400D11C58 /* Frameworks */,
				717F944026774ED400D11C58 /* Resources */,
				717F9468267757B300D11C58 /* Swift Lint Script */,
				F196E37E39E5865B6C9A882F /* [CP] Embed Pods Frameworks */,
				CC4FBF608B4FA01AAF965D54 /* [CP] Copy Pods Resources */,
			);
			buildRules = (
			);
			dependencies = (
			);
			name = commit;
			productName = commit;
			productReference = 717F944226774ED400D11C58 /* commit.app */;
			productType = "com.apple.product-type.application";
		};
/* End PBXNativeTarget section */

/* Begin PBXProject section */
		717F943A26774ED400D11C58 /* Project object */ = {
			isa = PBXProject;
			attributes = {
				LastSwiftUpdateCheck = 1250;
				LastUpgradeCheck = 1250;
				TargetAttributes = {
					717F944126774ED400D11C58 = {
						CreatedOnToolsVersion = 12.5;
					};
				};
			};
			buildConfigurationList = 717F943D26774ED400D11C58 /* Build configuration list for PBXProject "commit" */;
			compatibilityVersion = "Xcode 9.3";
			developmentRegion = en;
			hasScannedForEncodings = 0;
			knownRegions = (
				en,
				Base,
			);
			mainGroup = 717F943926774ED400D11C58;
			productRefGroup = 717F944326774ED400D11C58 /* Products */;
			projectDirPath = "";
			projectRoot = "";
			targets = (
				717F944126774ED400D11C58 /* commit */,
			);
		};
/* End PBXProject section */

/* Begin PBXResourcesBuildPhase section */
		717F944026774ED400D11C58 /* Resources */ = {
			isa = PBXResourcesBuildPhase;
			buildActionMask = 2147483647;
			files = (
				717F945226774EE200D11C58 /* LaunchScreen.storyboard in Resources */,
				717F944F26774EE200D11C58 /* Preview Assets.xcassets in Resources */,
				717F944C26774EE200D11C58 /* Assets.xcassets in Resources */,
			);
			runOnlyForDeploymentPostprocessing = 0;
		};
/* End PBXResourcesBuildPhase section */

/* Begin PBXShellScriptBuildPhase section */
		491F4F05B8C209D1B5AE79F1 /* [CP] Check Pods Manifest.lock */ = {
			isa = PBXShellScriptBuildPhase;
			buildActionMask = 2147483647;
			files = (
			);
			inputFileListPaths = (
			);
			inputPaths = (
				"${PODS_PODFILE_DIR_PATH}/Podfile.lock",
				"${PODS_ROOT}/Manifest.lock",
			);
			name = "[CP] Check Pods Manifest.lock";
			outputFileListPaths = (
			);
			outputPaths = (
				"$(DERIVED_FILE_DIR)/Pods-commit-checkManifestLockResult.txt",
			);
			runOnlyForDeploymentPostprocessing = 0;
			shellPath = /bin/sh;
			shellScript = "diff \"${PODS_PODFILE_DIR_PATH}/Podfile.lock\" \"${PODS_ROOT}/Manifest.lock\" > /dev/null\nif [ $? != 0 ] ; then\n    # print error to STDERR\n    echo \"error: The sandbox is not in sync with the Podfile.lock. Run 'pod install' or update your CocoaPods installation.\" >&2\n    exit 1\nfi\n# This output is used by Xcode 'outputs' to avoid re-running this script phase.\necho \"SUCCESS\" > \"${SCRIPT_OUTPUT_FILE_0}\"\n";
			showEnvVarsInLog = 0;
		};
		717F9468267757B300D11C58 /* Swift Lint Script */ = {
			isa = PBXShellScriptBuildPhase;
			buildActionMask = 2147483647;
			files = (
			);
			inputFileListPaths = (
			);
			inputPaths = (
			);
			name = "Swift Lint Script";
			outputFileListPaths = (
			);
			outputPaths = (
			);
			runOnlyForDeploymentPostprocessing = 0;
			shellPath = /bin/sh;
			shellScript = "# Type a script or drag a script file from your workspace to insert its path.\nif which swiftlint >/dev/null; then\n  swiftlint\nelse\n  echo \"SwiftLint does not exist, download from https://github.com/realm/SwiftLint\"\nfi\n";
		};
		CC4FBF608B4FA01AAF965D54 /* [CP] Copy Pods Resources */ = {
			isa = PBXShellScriptBuildPhase;
			buildActionMask = 2147483647;
			files = (
			);
			inputFileListPaths = (
				"${PODS_ROOT}/Target Support Files/Pods-commit/Pods-commit-resources-${CONFIGURATION}-input-files.xcfilelist",
			);
			name = "[CP] Copy Pods Resources";
			outputFileListPaths = (
				"${PODS_ROOT}/Target Support Files/Pods-commit/Pods-commit-resources-${CONFIGURATION}-output-files.xcfilelist",
			);
			runOnlyForDeploymentPostprocessing = 0;
			shellPath = /bin/sh;
			shellScript = "\"${PODS_ROOT}/Target Support Files/Pods-commit/Pods-commit-resources.sh\"\n";
			showEnvVarsInLog = 0;
		};
		F196E37E39E5865B6C9A882F /* [CP] Embed Pods Frameworks */ = {
			isa = PBXShellScriptBuildPhase;
			buildActionMask = 2147483647;
			files = (
			);
			inputFileListPaths = (
				"${PODS_ROOT}/Target Support Files/Pods-commit/Pods-commit-frameworks-${CONFIGURATION}-input-files.xcfilelist",
			);
			name = "[CP] Embed Pods Frameworks";
			outputFileListPaths = (
				"${PODS_ROOT}/Target Support Files/Pods-commit/Pods-commit-frameworks-${CONFIGURATION}-output-files.xcfilelist",
			);
			runOnlyForDeploymentPostprocessing = 0;
			shellPath = /bin/sh;
			shellScript = "\"${PODS_ROOT}/Target Support Files/Pods-commit/Pods-commit-frameworks.sh\"\n";
			showEnvVarsInLog = 0;
		};
/* End PBXShellScriptBuildPhase section */

/* Begin PBXSourcesBuildPhase section */
		717F943E26774ED400D11C58 /* Sources */ = {
			isa = PBXSourcesBuildPhase;
			buildActionMask = 2147483647;
			files = (
				715C2F1C2679AB5500DA66F3 /* Mock.swift in Sources */,
				716AC22E268725930003A989 /* TodoDetailView.swift in Sources */,
				715C2F1426791F7700DA66F3 /* Tag.swift in Sources */,
				715C2F16267921A700DA66F3 /* Preset.swift in Sources */,
				717F944626774ED400D11C58 /* AppDelegate.swift in Sources */,
				71A190A12680C9B000C6D6E8 /* UseCase.swift in Sources */,
				716AC23B268726060003A989 /* TodoAddView.swift in Sources */,
				71AA3DBE2680D576005D1CCC /* Repository.swift in Sources */,
				71A190A32680CC5B00C6D6E8 /* TodoFetchInteractor.swift in Sources */,
				716AC2452687267F0003A989 /* SpreadSheetSearchInteractor.swift in Sources */,
				715C2F27267CDFDE00DA66F3 /* TodoListView.swift in Sources */,
				716AC2302687259E0003A989 /* TodoDetailPresenter.swift in Sources */,
				71AA3DC726814B95005D1CCC /* SpreadSheetTodoAttribute.swift in Sources */,
				717F944826774ED400D11C58 /* SceneDelegate.swift in Sources */,
				716AC237268725EF0003A989 /* TodoAddInteractor.swift in Sources */,
				71AA3DC02680DEC2005D1CCC /* TodoListRepository.swift in Sources */,
				716E8EC4267E5E470088A04D /* TodoListRow.swift in Sources */,
				716AC25A268727B10003A989 /* SettingsInteractor.swift in Sources */,
				715C2F1E2679B1DB00DA66F3 /* TodoMock.swift in Sources */,
				715C2F2D267CE0A800DA66F3 /* TodoListRouter.swift in Sources */,
				71AA3DC32680DEF3005D1CCC /* SampleTodoListRepository.swift in Sources */,
				716AC258268727950003A989 /* SettingsView.swift in Sources */,
				717F944A26774ED400D11C58 /* ContentView.swift in Sources */,
				716AC254268727630003A989 /* SettingsPresenter.swift in Sources */,
				716AC232268725B70003A989 /* UpdateTodoInteractor.swift in Sources */,
				716AC24A268727310003A989 /* SpreadSheetRegisterInteractor.swift in Sources */,
				715C2F0C2679178D00DA66F3 /* List.swift in Sources */,
				716AC241268726500003A989 /* SpreadSheetSearchView.swift in Sources */,
				71AF451A26790DA70084364A /* Todo.swift in Sources */,
				716AC226268725500003A989 /* SpreadSheetTodoUpdateInteractor.swift in Sources */,
				716AC220268593CE0003A989 /* SampleDataGenerator.swift in Sources */,
				716AC2432687265C0003A989 /* SpreadSheetSearchPresenter.swift in Sources */,
				71AA3DC92682E773005D1CCC /* ListFetchInteractor.swift in Sources */,
				715C2F29267CE07F00DA66F3 /* TodoListPresenter.swift in Sources */,
				715C2F192679244F00DA66F3 /* SpreadSheetHistory.swift in Sources */,
				716AC24E268727430003A989 /* SpreadSheetPresenter.swift in Sources */,
				71AA3DBC2680CE65005D1CCC /* TodoUpdateInteractor.swift in Sources */,
				716AC24C2687273B0003A989 /* SpreadSheetView.swift in Sources */,
				716AC2502687274E0003A989 /* SettingsRouter.swift in Sources */,
				716AC239268725FA0003A989 /* TodoAddPresenter.swift in Sources */,
				715C2F20267B64E700DA66F3 /* ListMock.swift in Sources */,
			);
			runOnlyForDeploymentPostprocessing = 0;
		};
/* End PBXSourcesBuildPhase section */

/* Begin PBXVariantGroup section */
		717F945026774EE200D11C58 /* LaunchScreen.storyboard */ = {
			isa = PBXVariantGroup;
			children = (
				717F945126774EE200D11C58 /* Base */,
			);
			name = LaunchScreen.storyboard;
			sourceTree = "<group>";
		};
/* End PBXVariantGroup section */

/* Begin XCBuildConfiguration section */
		717F945426774EE200D11C58 /* Debug */ = {
			isa = XCBuildConfiguration;
			buildSettings = {
				ALWAYS_SEARCH_USER_PATHS = NO;
				CLANG_ANALYZER_NONNULL = YES;
				CLANG_ANALYZER_NUMBER_OBJECT_CONVERSION = YES_AGGRESSIVE;
				CLANG_CXX_LANGUAGE_STANDARD = "gnu++14";
				CLANG_CXX_LIBRARY = "libc++";
				CLANG_ENABLE_MODULES = YES;
				CLANG_ENABLE_OBJC_ARC = YES;
				CLANG_ENABLE_OBJC_WEAK = YES;
				CLANG_WARN_BLOCK_CAPTURE_AUTORELEASING = YES;
				CLANG_WARN_BOOL_CONVERSION = YES;
				CLANG_WARN_COMMA = YES;
				CLANG_WARN_CONSTANT_CONVERSION = YES;
				CLANG_WARN_DEPRECATED_OBJC_IMPLEMENTATIONS = YES;
				CLANG_WARN_DIRECT_OBJC_ISA_USAGE = YES_ERROR;
				CLANG_WARN_DOCUMENTATION_COMMENTS = YES;
				CLANG_WARN_EMPTY_BODY = YES;
				CLANG_WARN_ENUM_CONVERSION = YES;
				CLANG_WARN_INFINITE_RECURSION = YES;
				CLANG_WARN_INT_CONVERSION = YES;
				CLANG_WARN_NON_LITERAL_NULL_CONVERSION = YES;
				CLANG_WARN_OBJC_IMPLICIT_RETAIN_SELF = YES;
				CLANG_WARN_OBJC_LITERAL_CONVERSION = YES;
				CLANG_WARN_OBJC_ROOT_CLASS = YES_ERROR;
				CLANG_WARN_QUOTED_INCLUDE_IN_FRAMEWORK_HEADER = YES;
				CLANG_WARN_RANGE_LOOP_ANALYSIS = YES;
				CLANG_WARN_STRICT_PROTOTYPES = YES;
				CLANG_WARN_SUSPICIOUS_MOVE = YES;
				CLANG_WARN_UNGUARDED_AVAILABILITY = YES_AGGRESSIVE;
				CLANG_WARN_UNREACHABLE_CODE = YES;
				CLANG_WARN__DUPLICATE_METHOD_MATCH = YES;
				CODE_SIGN_IDENTITY = "Sign To Run Locally ";
				COPY_PHASE_STRIP = NO;
				DEBUG_INFORMATION_FORMAT = dwarf;
				ENABLE_STRICT_OBJC_MSGSEND = YES;
				ENABLE_TESTABILITY = YES;
				GCC_C_LANGUAGE_STANDARD = gnu11;
				GCC_DYNAMIC_NO_PIC = NO;
				GCC_NO_COMMON_BLOCKS = YES;
				GCC_OPTIMIZATION_LEVEL = 0;
				GCC_PREPROCESSOR_DEFINITIONS = (
					"DEBUG=1",
					"$(inherited)",
				);
				GCC_WARN_64_TO_32_BIT_CONVERSION = YES;
				GCC_WARN_ABOUT_RETURN_TYPE = YES_ERROR;
				GCC_WARN_UNDECLARED_SELECTOR = YES;
				GCC_WARN_UNINITIALIZED_AUTOS = YES_AGGRESSIVE;
				GCC_WARN_UNUSED_FUNCTION = YES;
				GCC_WARN_UNUSED_VARIABLE = YES;
				IPHONEOS_DEPLOYMENT_TARGET = 14.5;
				MTL_ENABLE_DEBUG_INFO = INCLUDE_SOURCE;
				MTL_FAST_MATH = YES;
				ONLY_ACTIVE_ARCH = YES;
				SDKROOT = iphoneos;
				SWIFT_ACTIVE_COMPILATION_CONDITIONS = DEBUG;
				SWIFT_OPTIMIZATION_LEVEL = "-Onone";
			};
			name = Debug;
		};
		717F945526774EE200D11C58 /* Release */ = {
			isa = XCBuildConfiguration;
			buildSettings = {
				ALWAYS_SEARCH_USER_PATHS = NO;
				CLANG_ANALYZER_NONNULL = YES;
				CLANG_ANALYZER_NUMBER_OBJECT_CONVERSION = YES_AGGRESSIVE;
				CLANG_CXX_LANGUAGE_STANDARD = "gnu++14";
				CLANG_CXX_LIBRARY = "libc++";
				CLANG_ENABLE_MODULES = YES;
				CLANG_ENABLE_OBJC_ARC = YES;
				CLANG_ENABLE_OBJC_WEAK = YES;
				CLANG_WARN_BLOCK_CAPTURE_AUTORELEASING = YES;
				CLANG_WARN_BOOL_CONVERSION = YES;
				CLANG_WARN_COMMA = YES;
				CLANG_WARN_CONSTANT_CONVERSION = YES;
				CLANG_WARN_DEPRECATED_OBJC_IMPLEMENTATIONS = YES;
				CLANG_WARN_DIRECT_OBJC_ISA_USAGE = YES_ERROR;
				CLANG_WARN_DOCUMENTATION_COMMENTS = YES;
				CLANG_WARN_EMPTY_BODY = YES;
				CLANG_WARN_ENUM_CONVERSION = YES;
				CLANG_WARN_INFINITE_RECURSION = YES;
				CLANG_WARN_INT_CONVERSION = YES;
				CLANG_WARN_NON_LITERAL_NULL_CONVERSION = YES;
				CLANG_WARN_OBJC_IMPLICIT_RETAIN_SELF = YES;
				CLANG_WARN_OBJC_LITERAL_CONVERSION = YES;
				CLANG_WARN_OBJC_ROOT_CLASS = YES_ERROR;
				CLANG_WARN_QUOTED_INCLUDE_IN_FRAMEWORK_HEADER = YES;
				CLANG_WARN_RANGE_LOOP_ANALYSIS = YES;
				CLANG_WARN_STRICT_PROTOTYPES = YES;
				CLANG_WARN_SUSPICIOUS_MOVE = YES;
				CLANG_WARN_UNGUARDED_AVAILABILITY = YES_AGGRESSIVE;
				CLANG_WARN_UNREACHABLE_CODE = YES;
				CLANG_WARN__DUPLICATE_METHOD_MATCH = YES;
				CODE_SIGN_IDENTITY = "Sign To Run Locally ";
				COPY_PHASE_STRIP = NO;
				DEBUG_INFORMATION_FORMAT = "dwarf-with-dsym";
				ENABLE_NS_ASSERTIONS = NO;
				ENABLE_STRICT_OBJC_MSGSEND = YES;
				GCC_C_LANGUAGE_STANDARD = gnu11;
				GCC_NO_COMMON_BLOCKS = YES;
				GCC_WARN_64_TO_32_BIT_CONVERSION = YES;
				GCC_WARN_ABOUT_RETURN_TYPE = YES_ERROR;
				GCC_WARN_UNDECLARED_SELECTOR = YES;
				GCC_WARN_UNINITIALIZED_AUTOS = YES_AGGRESSIVE;
				GCC_WARN_UNUSED_FUNCTION = YES;
				GCC_WARN_UNUSED_VARIABLE = YES;
				IPHONEOS_DEPLOYMENT_TARGET = 14.5;
				MTL_ENABLE_DEBUG_INFO = NO;
				MTL_FAST_MATH = YES;
				SDKROOT = iphoneos;
				SWIFT_COMPILATION_MODE = wholemodule;
				SWIFT_OPTIMIZATION_LEVEL = "-O";
				VALIDATE_PRODUCT = YES;
			};
			name = Release;
		};
		717F945726774EE200D11C58 /* Debug */ = {
			isa = XCBuildConfiguration;
			baseConfigurationReference = 7B924A41A2AB38982B6AE3C2 /* Pods-commit.debug.xcconfig */;
			buildSettings = {
				ASSETCATALOG_COMPILER_APPICON_NAME = AppIcon;
				ASSETCATALOG_COMPILER_GLOBAL_ACCENT_COLOR_NAME = AccentColor;
				CODE_SIGN_IDENTITY = "Apple Development";
				CODE_SIGN_STYLE = Automatic;
				DEVELOPMENT_ASSET_PATHS = "\"commit/Preview Content\"";
				DEVELOPMENT_TEAM = L4RQ287Q4R;
				ENABLE_PREVIEWS = YES;
				INFOPLIST_FILE = commit/Info.plist;
				LD_RUNPATH_SEARCH_PATHS = (
					"$(inherited)",
					"@executable_path/Frameworks",
				);
				PRODUCT_BUNDLE_IDENTIFIER = com.tt.commit;
				PRODUCT_NAME = "$(TARGET_NAME)";
				PROVISIONING_PROFILE_SPECIFIER = "";
				SWIFT_VERSION = 5.0;
				TARGETED_DEVICE_FAMILY = "1,2";
			};
			name = Debug;
		};
		717F945826774EE200D11C58 /* Release */ = {
			isa = XCBuildConfiguration;
			baseConfigurationReference = 0A28657290E5C6EB7881A125 /* Pods-commit.release.xcconfig */;
			buildSettings = {
				ASSETCATALOG_COMPILER_APPICON_NAME = AppIcon;
				ASSETCATALOG_COMPILER_GLOBAL_ACCENT_COLOR_NAME = AccentColor;
				CODE_SIGN_IDENTITY = "Apple Development";
				CODE_SIGN_STYLE = Automatic;
				DEVELOPMENT_ASSET_PATHS = "\"commit/Preview Content\"";
				DEVELOPMENT_TEAM = L4RQ287Q4R;
				ENABLE_PREVIEWS = YES;
				INFOPLIST_FILE = commit/Info.plist;
				LD_RUNPATH_SEARCH_PATHS = (
					"$(inherited)",
					"@executable_path/Frameworks",
				);
				PRODUCT_BUNDLE_IDENTIFIER = com.tt.commit;
				PRODUCT_NAME = "$(TARGET_NAME)";
				PROVISIONING_PROFILE_SPECIFIER = "";
				SWIFT_VERSION = 5.0;
				TARGETED_DEVICE_FAMILY = "1,2";
			};
			name = Release;
		};
/* End XCBuildConfiguration section */

/* Begin XCConfigurationList section */
		717F943D26774ED400D11C58 /* Build configuration list for PBXProject "commit" */ = {
			isa = XCConfigurationList;
			buildConfigurations = (
				717F945426774EE200D11C58 /* Debug */,
				717F945526774EE200D11C58 /* Release */,
			);
			defaultConfigurationIsVisible = 0;
			defaultConfigurationName = Release;
		};
		717F945626774EE200D11C58 /* Build configuration list for PBXNativeTarget "commit" */ = {
			isa = XCConfigurationList;
			buildConfigurations = (
				717F945726774EE200D11C58 /* Debug */,
				717F945826774EE200D11C58 /* Release */,
			);
			defaultConfigurationIsVisible = 0;
			defaultConfigurationName = Release;
		};
/* End XCConfigurationList section */
	};
	rootObject = 717F943A26774ED400D11C58 /* Project object */;
}
