// !$*UTF8*$!
{
	archiveVersion = 1;
	classes = {
	};
	objectVersion = 51;
	objects = {

/* Begin PBXBuildFile section */
		7125873226E8A09200E23369 /* UIFeedbackManager.swift in Sources */ = {isa = PBXBuildFile; fileRef = 7125873126E8A09200E23369 /* UIFeedbackManager.swift */; };
		712E978326E15C7900292C7D /* PresentationState.swift in Sources */ = {isa = PBXBuildFile; fileRef = 712E978226E15C7900292C7D /* PresentationState.swift */; };
		713613C826A86149008B66F8 /* WriteSheetsInteractor.swift in Sources */ = {isa = PBXBuildFile; fileRef = 713613C726A86149008B66F8 /* WriteSheetsInteractor.swift */; };
		7146C70A268C961900ACD588 /* TodoTypes.swift in Sources */ = {isa = PBXBuildFile; fileRef = 7146C709268C961900ACD588 /* TodoTypes.swift */; };
		714A47F026A6657200268779 /* GoogleAPIEntity.swift in Sources */ = {isa = PBXBuildFile; fileRef = 714A47EF26A6657200268779 /* GoogleAPIEntity.swift */; };
		714A47F226A66DEF00268779 /* GoogleAPIRequest.swift in Sources */ = {isa = PBXBuildFile; fileRef = 714A47F126A66DEF00268779 /* GoogleAPIRequest.swift */; };
		714A481626A7117D00268779 /* FetchSheetsCellInteractor.swift in Sources */ = {isa = PBXBuildFile; fileRef = 714A481526A7117D00268779 /* FetchSheetsCellInteractor.swift */; };
		715A3A0426C3EFB5004D14C8 /* CreateSheetDataInteractor.swift in Sources */ = {isa = PBXBuildFile; fileRef = 715A3A0326C3EFB5004D14C8 /* CreateSheetDataInteractor.swift */; };
		715C2F0C2679178D00DA66F3 /* List.swift in Sources */ = {isa = PBXBuildFile; fileRef = 715C2F0B2679178D00DA66F3 /* List.swift */; };
		715C2F1426791F7700DA66F3 /* Tag.swift in Sources */ = {isa = PBXBuildFile; fileRef = 715C2F1326791F7700DA66F3 /* Tag.swift */; };
		715C2F16267921A700DA66F3 /* Preset.swift in Sources */ = {isa = PBXBuildFile; fileRef = 715C2F15267921A700DA66F3 /* Preset.swift */; };
		715C2F192679244F00DA66F3 /* SheetsHistory.swift in Sources */ = {isa = PBXBuildFile; fileRef = 715C2F182679244F00DA66F3 /* SheetsHistory.swift */; };
		715C2F1C2679AB5500DA66F3 /* Mock.swift in Sources */ = {isa = PBXBuildFile; fileRef = 715C2F1B2679AB5500DA66F3 /* Mock.swift */; };
		715C2F1E2679B1DB00DA66F3 /* TodoMock.swift in Sources */ = {isa = PBXBuildFile; fileRef = 715C2F1D2679B1DB00DA66F3 /* TodoMock.swift */; };
		715C2F20267B64E700DA66F3 /* ListMock.swift in Sources */ = {isa = PBXBuildFile; fileRef = 715C2F1F267B64E700DA66F3 /* ListMock.swift */; };
		715C2F27267CDFDE00DA66F3 /* TodoListView.swift in Sources */ = {isa = PBXBuildFile; fileRef = 715C2F26267CDFDE00DA66F3 /* TodoListView.swift */; };
		715C2F29267CE07F00DA66F3 /* TodoListPresenter.swift in Sources */ = {isa = PBXBuildFile; fileRef = 715C2F28267CE07F00DA66F3 /* TodoListPresenter.swift */; };
		715C2F2D267CE0A800DA66F3 /* TodoListRouter.swift in Sources */ = {isa = PBXBuildFile; fileRef = 715C2F2C267CE0A800DA66F3 /* TodoListRouter.swift */; };
		716AC220268593CE0003A989 /* SampleDataGenerator.swift in Sources */ = {isa = PBXBuildFile; fileRef = 716AC21F268593CE0003A989 /* SampleDataGenerator.swift */; };
		716AC22E268725930003A989 /* TodoDetailView.swift in Sources */ = {isa = PBXBuildFile; fileRef = 716AC22D268725930003A989 /* TodoDetailView.swift */; };
		716AC2302687259E0003A989 /* TodoDetailPresenter.swift in Sources */ = {isa = PBXBuildFile; fileRef = 716AC22F2687259E0003A989 /* TodoDetailPresenter.swift */; };
		716AC239268725FA0003A989 /* TodoAddPresenter.swift in Sources */ = {isa = PBXBuildFile; fileRef = 716AC238268725FA0003A989 /* TodoAddPresenter.swift */; };
		716AC23B268726060003A989 /* TodoAddView.swift in Sources */ = {isa = PBXBuildFile; fileRef = 716AC23A268726060003A989 /* TodoAddView.swift */; };
		716AC241268726500003A989 /* SheetsSearchView.swift in Sources */ = {isa = PBXBuildFile; fileRef = 716AC240268726500003A989 /* SheetsSearchView.swift */; };
		716AC2432687265C0003A989 /* SheetsSearchPresenter.swift in Sources */ = {isa = PBXBuildFile; fileRef = 716AC2422687265C0003A989 /* SheetsSearchPresenter.swift */; };
		716AC2452687267F0003A989 /* SheetsSearchInteractor.swift in Sources */ = {isa = PBXBuildFile; fileRef = 716AC2442687267F0003A989 /* SheetsSearchInteractor.swift */; };
		716AC24A268727310003A989 /* SheetsFilesFetchInteractor.swift in Sources */ = {isa = PBXBuildFile; fileRef = 716AC249268727310003A989 /* SheetsFilesFetchInteractor.swift */; };
		716AC24C2687273B0003A989 /* SheetsTodoAddView.swift in Sources */ = {isa = PBXBuildFile; fileRef = 716AC24B2687273B0003A989 /* SheetsTodoAddView.swift */; };
		716AC24E268727430003A989 /* SheetsAddPresenter.swift in Sources */ = {isa = PBXBuildFile; fileRef = 716AC24D268727430003A989 /* SheetsAddPresenter.swift */; };
		716E8EC4267E5E470088A04D /* TodoListRow.swift in Sources */ = {isa = PBXBuildFile; fileRef = 716E8EC3267E5E470088A04D /* TodoListRow.swift */; };
		7174876726B1FD50002067E1 /* AppView.swift in Sources */ = {isa = PBXBuildFile; fileRef = 7174876626B1FD50002067E1 /* AppView.swift */; };
		7174876926B21C7D002067E1 /* RealmRepository.swift in Sources */ = {isa = PBXBuildFile; fileRef = 7174876826B21C7D002067E1 /* RealmRepository.swift */; };
		7174876B26B21D78002067E1 /* RealmRepositoryProtocol.swift in Sources */ = {isa = PBXBuildFile; fileRef = 7174876A26B21D78002067E1 /* RealmRepositoryProtocol.swift */; };
		7174876D26B256ED002067E1 /* DeleteSectionInteractor.swift in Sources */ = {isa = PBXBuildFile; fileRef = 7174876C26B256ED002067E1 /* DeleteSectionInteractor.swift */; };
		717D0F2E26946B1000BD4655 /* GoogleAPIInfo.swift in Sources */ = {isa = PBXBuildFile; fileRef = 717D0F2D26946B1000BD4655 /* GoogleAPIInfo.swift */; };
		717D0F342694731300BD4655 /* GoogleOAuthManager.swift in Sources */ = {isa = PBXBuildFile; fileRef = 717D0F332694731300BD4655 /* GoogleOAuthManager.swift */; };
		717D0F3C26947FC100BD4655 /* AppRouter.swift in Sources */ = {isa = PBXBuildFile; fileRef = 717D0F3B26947FC100BD4655 /* AppRouter.swift */; };
		717D0F4026947FD700BD4655 /* AppPresenter.swift in Sources */ = {isa = PBXBuildFile; fileRef = 717D0F3F26947FD700BD4655 /* AppPresenter.swift */; };
		717DC99A26AAA23B00687D68 /* SettingsView.swift in Sources */ = {isa = PBXBuildFile; fileRef = 717DC99926AAA23B00687D68 /* SettingsView.swift */; };
		717DC99D26AAA3F500687D68 /* WebView.swift in Sources */ = {isa = PBXBuildFile; fileRef = 717DC99C26AAA3F500687D68 /* WebView.swift */; };
		717DC99F26AAA5DD00687D68 /* SettingsPresenter.swift in Sources */ = {isa = PBXBuildFile; fileRef = 717DC99E26AAA5DD00687D68 /* SettingsPresenter.swift */; };
		717DC9A126AAA89E00687D68 /* SettingsRouter.swift in Sources */ = {isa = PBXBuildFile; fileRef = 717DC9A026AAA89E00687D68 /* SettingsRouter.swift */; };
		717DC9A726AAF3E400687D68 /* GoogleAccountSettingPresenter.swift in Sources */ = {isa = PBXBuildFile; fileRef = 717DC9A626AAF3E400687D68 /* GoogleAccountSettingPresenter.swift */; };
		717DC9AC26AAF43400687D68 /* GoogleAccountSettingView.swift in Sources */ = {isa = PBXBuildFile; fileRef = 717DC9AB26AAF43400687D68 /* GoogleAccountSettingView.swift */; };
		717DC9AF26B1334C00687D68 /* SafariView.swift in Sources */ = {isa = PBXBuildFile; fileRef = 717DC9AE26B1334C00687D68 /* SafariView.swift */; };
		717F944626774ED400D11C58 /* AppDelegate.swift in Sources */ = {isa = PBXBuildFile; fileRef = 717F944526774ED400D11C58 /* AppDelegate.swift */; };
		717F944826774ED400D11C58 /* SceneDelegate.swift in Sources */ = {isa = PBXBuildFile; fileRef = 717F944726774ED400D11C58 /* SceneDelegate.swift */; };
		717F944C26774EE200D11C58 /* Assets.xcassets in Resources */ = {isa = PBXBuildFile; fileRef = 717F944B26774EE200D11C58 /* Assets.xcassets */; };
		717F944F26774EE200D11C58 /* Preview Assets.xcassets in Resources */ = {isa = PBXBuildFile; fileRef = 717F944E26774EE200D11C58 /* Preview Assets.xcassets */; };
		717F945226774EE200D11C58 /* LaunchScreen.storyboard in Resources */ = {isa = PBXBuildFile; fileRef = 717F945026774EE200D11C58 /* LaunchScreen.storyboard */; };
		718818A82690D2580078319F /* TodoCreateInteractor.swift in Sources */ = {isa = PBXBuildFile; fileRef = 718818A72690D2580078319F /* TodoCreateInteractor.swift */; };
		718818AB2690D4410078319F /* AddTodoQuery.swift in Sources */ = {isa = PBXBuildFile; fileRef = 718818AA2690D4410078319F /* AddTodoQuery.swift */; };
		718D240E269B74610012B1CB /* RequireGoogleOAuthView.swift in Sources */ = {isa = PBXBuildFile; fileRef = 718D240D269B74610012B1CB /* RequireGoogleOAuthView.swift */; };
		71931A99269601D800BB404F /* SheetsTodoAddFormView.swift in Sources */ = {isa = PBXBuildFile; fileRef = 71931A98269601D800BB404F /* SheetsTodoAddFormView.swift */; };
		71931A9B26960DB000BB404F /* SheetColumn.swift in Sources */ = {isa = PBXBuildFile; fileRef = 71931A9A26960DB000BB404F /* SheetColumn.swift */; };
		71931AA12697473000BB404F /* SheetsResponse.swift in Sources */ = {isa = PBXBuildFile; fileRef = 71931AA02697473000BB404F /* SheetsResponse.swift */; };
		71931AA326974C4000BB404F /* GoogleAPIClient.swift in Sources */ = {isa = PBXBuildFile; fileRef = 71931AA226974C4000BB404F /* GoogleAPIClient.swift */; };
		71931AA526974FFE00BB404F /* GoogleAPIClientProtocol.swift in Sources */ = {isa = PBXBuildFile; fileRef = 71931AA426974FFE00BB404F /* GoogleAPIClientProtocol.swift */; };
		71931AAA2699B93300BB404F /* HTTPMethod.swift in Sources */ = {isa = PBXBuildFile; fileRef = 71931AA92699B93200BB404F /* HTTPMethod.swift */; };
		71931AAC2699BC7D00BB404F /* DriveAPIManager.swift in Sources */ = {isa = PBXBuildFile; fileRef = 71931AAB2699BC7D00BB404F /* DriveAPIManager.swift */; };
		71931AAE2699BFF800BB404F /* SheetsAPIManager.swift in Sources */ = {isa = PBXBuildFile; fileRef = 71931AAD2699BFF800BB404F /* SheetsAPIManager.swift */; };
		71A190A12680C9B000C6D6E8 /* UseCase.swift in Sources */ = {isa = PBXBuildFile; fileRef = 71A190A02680C9B000C6D6E8 /* UseCase.swift */; };
		71A9D64326B7B34A002A7411 /* NormalTodoAddRouter.swift in Sources */ = {isa = PBXBuildFile; fileRef = 71A9D64226B7B34A002A7411 /* NormalTodoAddRouter.swift */; };
		71A9D64926B7B430002A7411 /* SectionAddInteractor.swift in Sources */ = {isa = PBXBuildFile; fileRef = 71A9D64826B7B430002A7411 /* SectionAddInteractor.swift */; };
		71A9D65126B94117002A7411 /* SectionAddView.swift in Sources */ = {isa = PBXBuildFile; fileRef = 71A9D65026B94117002A7411 /* SectionAddView.swift */; };
		71A9D65326B945CE002A7411 /* FetchAllSectionsInteractor.swift in Sources */ = {isa = PBXBuildFile; fileRef = 71A9D65226B945CE002A7411 /* FetchAllSectionsInteractor.swift */; };
		71A9D65526BA2BA1002A7411 /* GoogleSignInButton.swift in Sources */ = {isa = PBXBuildFile; fileRef = 71A9D65426BA2BA1002A7411 /* GoogleSignInButton.swift */; };
		71A9D65826BC464C002A7411 /* UserDataInitializer.swift in Sources */ = {isa = PBXBuildFile; fileRef = 71A9D65726BC464C002A7411 /* UserDataInitializer.swift */; };
		71A9D67B26C17DBF002A7411 /* Section.swift in Sources */ = {isa = PBXBuildFile; fileRef = 71A9D67A26C17DBF002A7411 /* Section.swift */; };
		71A9D67D26C18D3A002A7411 /* DataEraser.swift in Sources */ = {isa = PBXBuildFile; fileRef = 71A9D67C26C18D3A002A7411 /* DataEraser.swift */; };
		71AA3DBC2680CE65005D1CCC /* TodoUpdateInteractor.swift in Sources */ = {isa = PBXBuildFile; fileRef = 71AA3DBB2680CE65005D1CCC /* TodoUpdateInteractor.swift */; };
		71AA3DC726814B95005D1CCC /* SheetsTodoAttribute.swift in Sources */ = {isa = PBXBuildFile; fileRef = 71AA3DC626814B95005D1CCC /* SheetsTodoAttribute.swift */; };
		71AA3DC92682E773005D1CCC /* ListFetchInteractor.swift in Sources */ = {isa = PBXBuildFile; fileRef = 71AA3DC82682E773005D1CCC /* ListFetchInteractor.swift */; };
		71AF451A26790DA70084364A /* Todo.swift in Sources */ = {isa = PBXBuildFile; fileRef = 71AF451926790DA70084364A /* Todo.swift */; };
		71CB63D8269A0CAB003C98A8 /* SheetsCellsFetchInteractor.swift in Sources */ = {isa = PBXBuildFile; fileRef = 71CB63D7269A0CAB003C98A8 /* SheetsCellsFetchInteractor.swift */; };
		71CB63DA269A0E4C003C98A8 /* SheetsInfoFetchInteractor.swift in Sources */ = {isa = PBXBuildFile; fileRef = 71CB63D9269A0E4C003C98A8 /* SheetsInfoFetchInteractor.swift */; };
		71DF3974269CB58C0009A31F /* NormalTodoAddPresenter.swift in Sources */ = {isa = PBXBuildFile; fileRef = 71DF3973269CB58C0009A31F /* NormalTodoAddPresenter.swift */; };
		71DF3978269CB5B70009A31F /* NormalTodoAddView.swift in Sources */ = {isa = PBXBuildFile; fileRef = 71DF3977269CB5B70009A31F /* NormalTodoAddView.swift */; };
		71DF397B269CBDF20009A31F /* TodoAddRouter.swift in Sources */ = {isa = PBXBuildFile; fileRef = 71DF397A269CBDF20009A31F /* TodoAddRouter.swift */; };
		71DF39A0269DCD5E0009A31F /* SubmitButton.swift in Sources */ = {isa = PBXBuildFile; fileRef = 71DF399F269DCD5E0009A31F /* SubmitButton.swift */; };
		71DF39D4269E3B300009A31F /* StringProtocol.swift in Sources */ = {isa = PBXBuildFile; fileRef = 71DF39D3269E3B300009A31F /* StringProtocol.swift */; };
		71DF39DB269E3D830009A31F /* SheetPresetQuery.swift in Sources */ = {isa = PBXBuildFile; fileRef = 71DF39DA269E3D830009A31F /* SheetPresetQuery.swift */; };
		71DF39DD269E3E290009A31F /* SheetTodoQuery.swift in Sources */ = {isa = PBXBuildFile; fileRef = 71DF39DC269E3E290009A31F /* SheetTodoQuery.swift */; };
		71DF39DF269E41710009A31F /* UpdateTodoQuery.swift in Sources */ = {isa = PBXBuildFile; fileRef = 71DF39DE269E41710009A31F /* UpdateTodoQuery.swift */; };
		71E41742269F1DF7003A75C6 /* CurrentListFetchInteractor.swift in Sources */ = {isa = PBXBuildFile; fileRef = 71E41741269F1DF7003A75C6 /* CurrentListFetchInteractor.swift */; };
		71EA251726C42494003CF477 /* SheetConfirmView.swift in Sources */ = {isa = PBXBuildFile; fileRef = 71EA251626C42494003CF477 /* SheetConfirmView.swift */; };
		71F7FBA726A422F8003C8784 /* DeleteTodoInteractor.swift in Sources */ = {isa = PBXBuildFile; fileRef = 71F7FBA626A422F8003C8784 /* DeleteTodoInteractor.swift */; };
		71FB6CD426DD152B00FABC90 /* SectionHeader.swift in Sources */ = {isa = PBXBuildFile; fileRef = 71FB6CD326DD152B00FABC90 /* SectionHeader.swift */; };
		71FB6CD626DD1B1B00FABC90 /* SectionDeleteConfirmAlert.swift in Sources */ = {isa = PBXBuildFile; fileRef = 71FB6CD526DD1B1B00FABC90 /* SectionDeleteConfirmAlert.swift */; };
		71FB6CD826DD1E0F00FABC90 /* SectionSpacer.swift in Sources */ = {isa = PBXBuildFile; fileRef = 71FB6CD726DD1E0F00FABC90 /* SectionSpacer.swift */; };
		71FB6CDA26DD1EE100FABC90 /* EmptySectionView.swift in Sources */ = {isa = PBXBuildFile; fileRef = 71FB6CD926DD1EE100FABC90 /* EmptySectionView.swift */; };
		71FB6CDC26DD279300FABC90 /* TodoSection.swift in Sources */ = {isa = PBXBuildFile; fileRef = 71FB6CDB26DD279300FABC90 /* TodoSection.swift */; };
		71FB6CDE26DD3DBD00FABC90 /* TodoAddButton.swift in Sources */ = {isa = PBXBuildFile; fileRef = 71FB6CDD26DD3DBD00FABC90 /* TodoAddButton.swift */; };
		9FD5277028064CE4AE7F173A /* Pods_commit.framework in Frameworks */ = {isa = PBXBuildFile; fileRef = 3C4194718BA40140F9EF0C2D /* Pods_commit.framework */; };
/* End PBXBuildFile section */

/* Begin PBXFileReference section */
		0A28657290E5C6EB7881A125 /* Pods-commit.release.xcconfig */ = {isa = PBXFileReference; includeInIndex = 1; lastKnownFileType = text.xcconfig; name = "Pods-commit.release.xcconfig"; path = "Target Support Files/Pods-commit/Pods-commit.release.xcconfig"; sourceTree = "<group>"; };
		3C4194718BA40140F9EF0C2D /* Pods_commit.framework */ = {isa = PBXFileReference; explicitFileType = wrapper.framework; includeInIndex = 0; path = Pods_commit.framework; sourceTree = BUILT_PRODUCTS_DIR; };
		7125873126E8A09200E23369 /* UIFeedbackManager.swift */ = {isa = PBXFileReference; lastKnownFileType = sourcecode.swift; path = UIFeedbackManager.swift; sourceTree = "<group>"; };
		712E978226E15C7900292C7D /* PresentationState.swift */ = {isa = PBXFileReference; lastKnownFileType = sourcecode.swift; path = PresentationState.swift; sourceTree = "<group>"; };
		713613C726A86149008B66F8 /* WriteSheetsInteractor.swift */ = {isa = PBXFileReference; lastKnownFileType = sourcecode.swift; path = WriteSheetsInteractor.swift; sourceTree = "<group>"; };
		7146C709268C961900ACD588 /* TodoTypes.swift */ = {isa = PBXFileReference; lastKnownFileType = sourcecode.swift; path = TodoTypes.swift; sourceTree = "<group>"; };
		714A47EF26A6657200268779 /* GoogleAPIEntity.swift */ = {isa = PBXFileReference; lastKnownFileType = sourcecode.swift; path = GoogleAPIEntity.swift; sourceTree = "<group>"; };
		714A47F126A66DEF00268779 /* GoogleAPIRequest.swift */ = {isa = PBXFileReference; lastKnownFileType = sourcecode.swift; path = GoogleAPIRequest.swift; sourceTree = "<group>"; };
		714A481526A7117D00268779 /* FetchSheetsCellInteractor.swift */ = {isa = PBXFileReference; lastKnownFileType = sourcecode.swift; path = FetchSheetsCellInteractor.swift; sourceTree = "<group>"; };
		715A3A0326C3EFB5004D14C8 /* CreateSheetDataInteractor.swift */ = {isa = PBXFileReference; lastKnownFileType = sourcecode.swift; path = CreateSheetDataInteractor.swift; sourceTree = "<group>"; };
		715C2F0B2679178D00DA66F3 /* List.swift */ = {isa = PBXFileReference; lastKnownFileType = sourcecode.swift; path = List.swift; sourceTree = "<group>"; };
		715C2F1326791F7700DA66F3 /* Tag.swift */ = {isa = PBXFileReference; lastKnownFileType = sourcecode.swift; path = Tag.swift; sourceTree = "<group>"; };
		715C2F15267921A700DA66F3 /* Preset.swift */ = {isa = PBXFileReference; lastKnownFileType = sourcecode.swift; path = Preset.swift; sourceTree = "<group>"; };
		715C2F182679244F00DA66F3 /* SheetsHistory.swift */ = {isa = PBXFileReference; lastKnownFileType = sourcecode.swift; path = SheetsHistory.swift; sourceTree = "<group>"; };
		715C2F1B2679AB5500DA66F3 /* Mock.swift */ = {isa = PBXFileReference; lastKnownFileType = sourcecode.swift; path = Mock.swift; sourceTree = "<group>"; };
		715C2F1D2679B1DB00DA66F3 /* TodoMock.swift */ = {isa = PBXFileReference; lastKnownFileType = sourcecode.swift; path = TodoMock.swift; sourceTree = "<group>"; };
		715C2F1F267B64E700DA66F3 /* ListMock.swift */ = {isa = PBXFileReference; lastKnownFileType = sourcecode.swift; path = ListMock.swift; sourceTree = "<group>"; };
		715C2F26267CDFDE00DA66F3 /* TodoListView.swift */ = {isa = PBXFileReference; lastKnownFileType = sourcecode.swift; path = TodoListView.swift; sourceTree = "<group>"; };
		715C2F28267CE07F00DA66F3 /* TodoListPresenter.swift */ = {isa = PBXFileReference; lastKnownFileType = sourcecode.swift; path = TodoListPresenter.swift; sourceTree = "<group>"; };
		715C2F2C267CE0A800DA66F3 /* TodoListRouter.swift */ = {isa = PBXFileReference; lastKnownFileType = sourcecode.swift; path = TodoListRouter.swift; sourceTree = "<group>"; };
		716AC21F268593CE0003A989 /* SampleDataGenerator.swift */ = {isa = PBXFileReference; lastKnownFileType = sourcecode.swift; path = SampleDataGenerator.swift; sourceTree = "<group>"; };
		716AC22D268725930003A989 /* TodoDetailView.swift */ = {isa = PBXFileReference; lastKnownFileType = sourcecode.swift; path = TodoDetailView.swift; sourceTree = "<group>"; };
		716AC22F2687259E0003A989 /* TodoDetailPresenter.swift */ = {isa = PBXFileReference; lastKnownFileType = sourcecode.swift; path = TodoDetailPresenter.swift; sourceTree = "<group>"; };
		716AC238268725FA0003A989 /* TodoAddPresenter.swift */ = {isa = PBXFileReference; lastKnownFileType = sourcecode.swift; path = TodoAddPresenter.swift; sourceTree = "<group>"; };
		716AC23A268726060003A989 /* TodoAddView.swift */ = {isa = PBXFileReference; lastKnownFileType = sourcecode.swift; path = TodoAddView.swift; sourceTree = "<group>"; };
		716AC240268726500003A989 /* SheetsSearchView.swift */ = {isa = PBXFileReference; lastKnownFileType = sourcecode.swift; path = SheetsSearchView.swift; sourceTree = "<group>"; };
		716AC2422687265C0003A989 /* SheetsSearchPresenter.swift */ = {isa = PBXFileReference; lastKnownFileType = sourcecode.swift; path = SheetsSearchPresenter.swift; sourceTree = "<group>"; };
		716AC2442687267F0003A989 /* SheetsSearchInteractor.swift */ = {isa = PBXFileReference; lastKnownFileType = sourcecode.swift; path = SheetsSearchInteractor.swift; sourceTree = "<group>"; };
		716AC249268727310003A989 /* SheetsFilesFetchInteractor.swift */ = {isa = PBXFileReference; lastKnownFileType = sourcecode.swift; path = SheetsFilesFetchInteractor.swift; sourceTree = "<group>"; };
		716AC24B2687273B0003A989 /* SheetsTodoAddView.swift */ = {isa = PBXFileReference; lastKnownFileType = sourcecode.swift; path = SheetsTodoAddView.swift; sourceTree = "<group>"; };
		716AC24D268727430003A989 /* SheetsAddPresenter.swift */ = {isa = PBXFileReference; lastKnownFileType = sourcecode.swift; path = SheetsAddPresenter.swift; sourceTree = "<group>"; };
		716E8EC3267E5E470088A04D /* TodoListRow.swift */ = {isa = PBXFileReference; lastKnownFileType = sourcecode.swift; path = TodoListRow.swift; sourceTree = "<group>"; };
		7174876626B1FD50002067E1 /* AppView.swift */ = {isa = PBXFileReference; lastKnownFileType = sourcecode.swift; path = AppView.swift; sourceTree = "<group>"; };
		7174876826B21C7D002067E1 /* RealmRepository.swift */ = {isa = PBXFileReference; lastKnownFileType = sourcecode.swift; path = RealmRepository.swift; sourceTree = "<group>"; };
		7174876A26B21D78002067E1 /* RealmRepositoryProtocol.swift */ = {isa = PBXFileReference; lastKnownFileType = sourcecode.swift; path = RealmRepositoryProtocol.swift; sourceTree = "<group>"; };
		7174876C26B256ED002067E1 /* DeleteSectionInteractor.swift */ = {isa = PBXFileReference; lastKnownFileType = sourcecode.swift; path = DeleteSectionInteractor.swift; sourceTree = "<group>"; };
		717D0F2D26946B1000BD4655 /* GoogleAPIInfo.swift */ = {isa = PBXFileReference; lastKnownFileType = sourcecode.swift; path = GoogleAPIInfo.swift; sourceTree = "<group>"; };
		717D0F332694731300BD4655 /* GoogleOAuthManager.swift */ = {isa = PBXFileReference; lastKnownFileType = sourcecode.swift; path = GoogleOAuthManager.swift; sourceTree = "<group>"; };
		717D0F3B26947FC100BD4655 /* AppRouter.swift */ = {isa = PBXFileReference; lastKnownFileType = sourcecode.swift; path = AppRouter.swift; sourceTree = "<group>"; };
		717D0F3F26947FD700BD4655 /* AppPresenter.swift */ = {isa = PBXFileReference; lastKnownFileType = sourcecode.swift; path = AppPresenter.swift; sourceTree = "<group>"; };
		717DC99926AAA23B00687D68 /* SettingsView.swift */ = {isa = PBXFileReference; lastKnownFileType = sourcecode.swift; path = SettingsView.swift; sourceTree = "<group>"; };
		717DC99C26AAA3F500687D68 /* WebView.swift */ = {isa = PBXFileReference; lastKnownFileType = sourcecode.swift; path = WebView.swift; sourceTree = "<group>"; };
		717DC99E26AAA5DD00687D68 /* SettingsPresenter.swift */ = {isa = PBXFileReference; lastKnownFileType = sourcecode.swift; path = SettingsPresenter.swift; sourceTree = "<group>"; };
		717DC9A026AAA89E00687D68 /* SettingsRouter.swift */ = {isa = PBXFileReference; lastKnownFileType = sourcecode.swift; path = SettingsRouter.swift; sourceTree = "<group>"; };
		717DC9A626AAF3E400687D68 /* GoogleAccountSettingPresenter.swift */ = {isa = PBXFileReference; lastKnownFileType = sourcecode.swift; path = GoogleAccountSettingPresenter.swift; sourceTree = "<group>"; };
		717DC9AB26AAF43400687D68 /* GoogleAccountSettingView.swift */ = {isa = PBXFileReference; lastKnownFileType = sourcecode.swift; path = GoogleAccountSettingView.swift; sourceTree = "<group>"; };
		717DC9AE26B1334C00687D68 /* SafariView.swift */ = {isa = PBXFileReference; lastKnownFileType = sourcecode.swift; path = SafariView.swift; sourceTree = "<group>"; };
		717F944226774ED400D11C58 /* commit.app */ = {isa = PBXFileReference; explicitFileType = wrapper.application; includeInIndex = 0; path = commit.app; sourceTree = BUILT_PRODUCTS_DIR; };
		717F944526774ED400D11C58 /* AppDelegate.swift */ = {isa = PBXFileReference; lastKnownFileType = sourcecode.swift; path = AppDelegate.swift; sourceTree = "<group>"; };
		717F944726774ED400D11C58 /* SceneDelegate.swift */ = {isa = PBXFileReference; lastKnownFileType = sourcecode.swift; path = SceneDelegate.swift; sourceTree = "<group>"; };
		717F944B26774EE200D11C58 /* Assets.xcassets */ = {isa = PBXFileReference; lastKnownFileType = folder.assetcatalog; path = Assets.xcassets; sourceTree = "<group>"; };
		717F944E26774EE200D11C58 /* Preview Assets.xcassets */ = {isa = PBXFileReference; lastKnownFileType = folder.assetcatalog; path = "Preview Assets.xcassets"; sourceTree = "<group>"; };
		717F945126774EE200D11C58 /* Base */ = {isa = PBXFileReference; lastKnownFileType = file.storyboard; name = Base; path = Base.lproj/LaunchScreen.storyboard; sourceTree = "<group>"; };
		717F945326774EE200D11C58 /* Info.plist */ = {isa = PBXFileReference; lastKnownFileType = text.plist.xml; path = Info.plist; sourceTree = "<group>"; };
		718818A72690D2580078319F /* TodoCreateInteractor.swift */ = {isa = PBXFileReference; lastKnownFileType = sourcecode.swift; path = TodoCreateInteractor.swift; sourceTree = "<group>"; };
		718818AA2690D4410078319F /* AddTodoQuery.swift */ = {isa = PBXFileReference; lastKnownFileType = sourcecode.swift; path = AddTodoQuery.swift; sourceTree = "<group>"; };
		718D240D269B74610012B1CB /* RequireGoogleOAuthView.swift */ = {isa = PBXFileReference; lastKnownFileType = sourcecode.swift; path = RequireGoogleOAuthView.swift; sourceTree = "<group>"; };
		71931A98269601D800BB404F /* SheetsTodoAddFormView.swift */ = {isa = PBXFileReference; lastKnownFileType = sourcecode.swift; path = SheetsTodoAddFormView.swift; sourceTree = "<group>"; };
		71931A9A26960DB000BB404F /* SheetColumn.swift */ = {isa = PBXFileReference; lastKnownFileType = sourcecode.swift; path = SheetColumn.swift; sourceTree = "<group>"; };
		71931AA02697473000BB404F /* SheetsResponse.swift */ = {isa = PBXFileReference; lastKnownFileType = sourcecode.swift; path = SheetsResponse.swift; sourceTree = "<group>"; };
		71931AA226974C4000BB404F /* GoogleAPIClient.swift */ = {isa = PBXFileReference; lastKnownFileType = sourcecode.swift; name = GoogleAPIClient.swift; path = commit/Common/WebAPI/GoogleAPIClient.swift; sourceTree = SOURCE_ROOT; };
		71931AA426974FFE00BB404F /* GoogleAPIClientProtocol.swift */ = {isa = PBXFileReference; lastKnownFileType = sourcecode.swift; name = GoogleAPIClientProtocol.swift; path = commit/Common/WebAPI/GoogleAPIClientProtocol.swift; sourceTree = SOURCE_ROOT; };
		71931AA92699B93200BB404F /* HTTPMethod.swift */ = {isa = PBXFileReference; lastKnownFileType = sourcecode.swift; path = HTTPMethod.swift; sourceTree = "<group>"; };
		71931AAB2699BC7D00BB404F /* DriveAPIManager.swift */ = {isa = PBXFileReference; lastKnownFileType = sourcecode.swift; name = DriveAPIManager.swift; path = commit/Common/WebAPI/DriveAPIManager.swift; sourceTree = SOURCE_ROOT; };
		71931AAD2699BFF800BB404F /* SheetsAPIManager.swift */ = {isa = PBXFileReference; lastKnownFileType = sourcecode.swift; name = SheetsAPIManager.swift; path = commit/Common/WebAPI/SheetsAPIManager.swift; sourceTree = SOURCE_ROOT; };
		71A190A02680C9B000C6D6E8 /* UseCase.swift */ = {isa = PBXFileReference; lastKnownFileType = sourcecode.swift; path = UseCase.swift; sourceTree = "<group>"; };
		71A9D64226B7B34A002A7411 /* NormalTodoAddRouter.swift */ = {isa = PBXFileReference; lastKnownFileType = sourcecode.swift; path = NormalTodoAddRouter.swift; sourceTree = "<group>"; };
		71A9D64826B7B430002A7411 /* SectionAddInteractor.swift */ = {isa = PBXFileReference; lastKnownFileType = sourcecode.swift; path = SectionAddInteractor.swift; sourceTree = "<group>"; };
		71A9D65026B94117002A7411 /* SectionAddView.swift */ = {isa = PBXFileReference; lastKnownFileType = sourcecode.swift; path = SectionAddView.swift; sourceTree = "<group>"; };
		71A9D65226B945CE002A7411 /* FetchAllSectionsInteractor.swift */ = {isa = PBXFileReference; lastKnownFileType = sourcecode.swift; path = FetchAllSectionsInteractor.swift; sourceTree = "<group>"; };
		71A9D65426BA2BA1002A7411 /* GoogleSignInButton.swift */ = {isa = PBXFileReference; lastKnownFileType = sourcecode.swift; path = GoogleSignInButton.swift; sourceTree = "<group>"; };
		71A9D65726BC464C002A7411 /* UserDataInitializer.swift */ = {isa = PBXFileReference; lastKnownFileType = sourcecode.swift; path = UserDataInitializer.swift; sourceTree = "<group>"; };
		71A9D67A26C17DBF002A7411 /* Section.swift */ = {isa = PBXFileReference; lastKnownFileType = sourcecode.swift; path = Section.swift; sourceTree = "<group>"; };
		71A9D67C26C18D3A002A7411 /* DataEraser.swift */ = {isa = PBXFileReference; lastKnownFileType = sourcecode.swift; path = DataEraser.swift; sourceTree = "<group>"; };
		71AA3DBB2680CE65005D1CCC /* TodoUpdateInteractor.swift */ = {isa = PBXFileReference; lastKnownFileType = sourcecode.swift; path = TodoUpdateInteractor.swift; sourceTree = "<group>"; };
		71AA3DC626814B95005D1CCC /* SheetsTodoAttribute.swift */ = {isa = PBXFileReference; lastKnownFileType = sourcecode.swift; path = SheetsTodoAttribute.swift; sourceTree = "<group>"; };
		71AA3DC82682E773005D1CCC /* ListFetchInteractor.swift */ = {isa = PBXFileReference; lastKnownFileType = sourcecode.swift; path = ListFetchInteractor.swift; sourceTree = "<group>"; };
		71AF451926790DA70084364A /* Todo.swift */ = {isa = PBXFileReference; lastKnownFileType = sourcecode.swift; path = Todo.swift; sourceTree = "<group>"; };
		71CB63D7269A0CAB003C98A8 /* SheetsCellsFetchInteractor.swift */ = {isa = PBXFileReference; lastKnownFileType = sourcecode.swift; path = SheetsCellsFetchInteractor.swift; sourceTree = "<group>"; };
		71CB63D9269A0E4C003C98A8 /* SheetsInfoFetchInteractor.swift */ = {isa = PBXFileReference; lastKnownFileType = sourcecode.swift; path = SheetsInfoFetchInteractor.swift; sourceTree = "<group>"; };
		71DF3973269CB58C0009A31F /* NormalTodoAddPresenter.swift */ = {isa = PBXFileReference; lastKnownFileType = sourcecode.swift; path = NormalTodoAddPresenter.swift; sourceTree = "<group>"; };
		71DF3977269CB5B70009A31F /* NormalTodoAddView.swift */ = {isa = PBXFileReference; lastKnownFileType = sourcecode.swift; path = NormalTodoAddView.swift; sourceTree = "<group>"; };
		71DF397A269CBDF20009A31F /* TodoAddRouter.swift */ = {isa = PBXFileReference; lastKnownFileType = sourcecode.swift; path = TodoAddRouter.swift; sourceTree = "<group>"; };
		71DF399F269DCD5E0009A31F /* SubmitButton.swift */ = {isa = PBXFileReference; lastKnownFileType = sourcecode.swift; path = SubmitButton.swift; sourceTree = "<group>"; };
		71DF39D3269E3B300009A31F /* StringProtocol.swift */ = {isa = PBXFileReference; lastKnownFileType = sourcecode.swift; path = StringProtocol.swift; sourceTree = "<group>"; };
		71DF39DA269E3D830009A31F /* SheetPresetQuery.swift */ = {isa = PBXFileReference; lastKnownFileType = sourcecode.swift; path = SheetPresetQuery.swift; sourceTree = "<group>"; };
		71DF39DC269E3E290009A31F /* SheetTodoQuery.swift */ = {isa = PBXFileReference; lastKnownFileType = sourcecode.swift; path = SheetTodoQuery.swift; sourceTree = "<group>"; };
		71DF39DE269E41710009A31F /* UpdateTodoQuery.swift */ = {isa = PBXFileReference; lastKnownFileType = sourcecode.swift; path = UpdateTodoQuery.swift; sourceTree = "<group>"; };
		71E41741269F1DF7003A75C6 /* CurrentListFetchInteractor.swift */ = {isa = PBXFileReference; lastKnownFileType = sourcecode.swift; path = CurrentListFetchInteractor.swift; sourceTree = "<group>"; };
		71EA251626C42494003CF477 /* SheetConfirmView.swift */ = {isa = PBXFileReference; lastKnownFileType = sourcecode.swift; path = SheetConfirmView.swift; sourceTree = "<group>"; };
		71F7FBA626A422F8003C8784 /* DeleteTodoInteractor.swift */ = {isa = PBXFileReference; lastKnownFileType = sourcecode.swift; path = DeleteTodoInteractor.swift; sourceTree = "<group>"; };
		71FB6CD326DD152B00FABC90 /* SectionHeader.swift */ = {isa = PBXFileReference; lastKnownFileType = sourcecode.swift; path = SectionHeader.swift; sourceTree = "<group>"; };
		71FB6CD526DD1B1B00FABC90 /* SectionDeleteConfirmAlert.swift */ = {isa = PBXFileReference; lastKnownFileType = sourcecode.swift; path = SectionDeleteConfirmAlert.swift; sourceTree = "<group>"; };
		71FB6CD726DD1E0F00FABC90 /* SectionSpacer.swift */ = {isa = PBXFileReference; lastKnownFileType = sourcecode.swift; path = SectionSpacer.swift; sourceTree = "<group>"; };
		71FB6CD926DD1EE100FABC90 /* EmptySectionView.swift */ = {isa = PBXFileReference; lastKnownFileType = sourcecode.swift; path = EmptySectionView.swift; sourceTree = "<group>"; };
		71FB6CDB26DD279300FABC90 /* TodoSection.swift */ = {isa = PBXFileReference; lastKnownFileType = sourcecode.swift; path = TodoSection.swift; sourceTree = "<group>"; };
		71FB6CDD26DD3DBD00FABC90 /* TodoAddButton.swift */ = {isa = PBXFileReference; lastKnownFileType = sourcecode.swift; path = TodoAddButton.swift; sourceTree = "<group>"; };
		7B924A41A2AB38982B6AE3C2 /* Pods-commit.debug.xcconfig */ = {isa = PBXFileReference; includeInIndex = 1; lastKnownFileType = text.xcconfig; name = "Pods-commit.debug.xcconfig"; path = "Target Support Files/Pods-commit/Pods-commit.debug.xcconfig"; sourceTree = "<group>"; };
/* End PBXFileReference section */

/* Begin PBXFrameworksBuildPhase section */
		717F943F26774ED400D11C58 /* Frameworks */ = {
			isa = PBXFrameworksBuildPhase;
			buildActionMask = 2147483647;
			files = (
				9FD5277028064CE4AE7F173A /* Pods_commit.framework in Frameworks */,
			);
			runOnlyForDeploymentPostprocessing = 0;
		};
/* End PBXFrameworksBuildPhase section */

/* Begin PBXGroup section */
		242FEDDA9055A23CD6779021 /* Frameworks */ = {
			isa = PBXGroup;
			children = (
				3C4194718BA40140F9EF0C2D /* Pods_commit.framework */,
			);
			name = Frameworks;
			sourceTree = "<group>";
		};
		7146C708268C960D00ACD588 /* Enum */ = {
			isa = PBXGroup;
			children = (
				7146C709268C961900ACD588 /* TodoTypes.swift */,
				71931A9A26960DB000BB404F /* SheetColumn.swift */,
				71931AA92699B93200BB404F /* HTTPMethod.swift */,
			);
			path = Enum;
			sourceTree = "<group>";
		};
		715C2F1A2679AA9300DA66F3 /* Mock */ = {
			isa = PBXGroup;
			children = (
				715C2F1B2679AB5500DA66F3 /* Mock.swift */,
				715C2F1D2679B1DB00DA66F3 /* TodoMock.swift */,
				715C2F1F267B64E700DA66F3 /* ListMock.swift */,
				716AC21F268593CE0003A989 /* SampleDataGenerator.swift */,
			);
			path = Mock;
			sourceTree = "<group>";
		};
		716AC227268725570003A989 /* Interactor */ = {
			isa = PBXGroup;
			children = (
				71F7FBA626A422F8003C8784 /* DeleteTodoInteractor.swift */,
				714A481526A7117D00268779 /* FetchSheetsCellInteractor.swift */,
				713613C726A86149008B66F8 /* WriteSheetsInteractor.swift */,
			);
			path = Interactor;
			sourceTree = "<group>";
		};
		716AC2282687255C0003A989 /* Presenter */ = {
			isa = PBXGroup;
			children = (
				716AC22F2687259E0003A989 /* TodoDetailPresenter.swift */,
			);
			path = Presenter;
			sourceTree = "<group>";
		};
		716AC229268725600003A989 /* View */ = {
			isa = PBXGroup;
			children = (
				716AC22D268725930003A989 /* TodoDetailView.swift */,
			);
			path = View;
			sourceTree = "<group>";
		};
		716AC233268725C30003A989 /* View */ = {
			isa = PBXGroup;
			children = (
				716AC23A268726060003A989 /* TodoAddView.swift */,
			);
			path = View;
			sourceTree = "<group>";
		};
		716AC234268725C80003A989 /* Presenter */ = {
			isa = PBXGroup;
			children = (
				716AC238268725FA0003A989 /* TodoAddPresenter.swift */,
				712E978226E15C7900292C7D /* PresentationState.swift */,
			);
			path = Presenter;
			sourceTree = "<group>";
		};
		716AC235268725CA0003A989 /* Interactor */ = {
			isa = PBXGroup;
			children = (
				71E41741269F1DF7003A75C6 /* CurrentListFetchInteractor.swift */,
			);
			path = Interactor;
			sourceTree = "<group>";
		};
		716AC23C2687262A0003A989 /* SheetsSearchModule */ = {
			isa = PBXGroup;
			children = (
				716AC23F2687263D0003A989 /* Interactor */,
				716AC23E2687263A0003A989 /* Presenter */,
				716AC23D268726360003A989 /* View */,
			);
			path = SheetsSearchModule;
			sourceTree = "<group>";
		};
		716AC23D268726360003A989 /* View */ = {
			isa = PBXGroup;
			children = (
				716AC240268726500003A989 /* SheetsSearchView.swift */,
			);
			path = View;
			sourceTree = "<group>";
		};
		716AC23E2687263A0003A989 /* Presenter */ = {
			isa = PBXGroup;
			children = (
				716AC2422687265C0003A989 /* SheetsSearchPresenter.swift */,
			);
			path = Presenter;
			sourceTree = "<group>";
		};
		716AC23F2687263D0003A989 /* Interactor */ = {
			isa = PBXGroup;
			children = (
				716AC2442687267F0003A989 /* SheetsSearchInteractor.swift */,
			);
			path = Interactor;
			sourceTree = "<group>";
		};
		716AC2462687268B0003A989 /* Interactor */ = {
			isa = PBXGroup;
			children = (
				716AC249268727310003A989 /* SheetsFilesFetchInteractor.swift */,
				71CB63D7269A0CAB003C98A8 /* SheetsCellsFetchInteractor.swift */,
				71CB63D9269A0E4C003C98A8 /* SheetsInfoFetchInteractor.swift */,
				715A3A0326C3EFB5004D14C8 /* CreateSheetDataInteractor.swift */,
			);
			path = Interactor;
			sourceTree = "<group>";
		};
		716AC247268726D00003A989 /* View */ = {
			isa = PBXGroup;
			children = (
				716AC24B2687273B0003A989 /* SheetsTodoAddView.swift */,
				71931A98269601D800BB404F /* SheetsTodoAddFormView.swift */,
				718D240D269B74610012B1CB /* RequireGoogleOAuthView.swift */,
				71EA251626C42494003CF477 /* SheetConfirmView.swift */,
			);
			path = View;
			sourceTree = "<group>";
		};
		716AC248268726D30003A989 /* Presenter */ = {
			isa = PBXGroup;
			children = (
				716AC24D268727430003A989 /* SheetsAddPresenter.swift */,
			);
			path = Presenter;
			sourceTree = "<group>";
		};
		717D0F32269472FB00BD4655 /* GoogleAPI */ = {
			isa = PBXGroup;
			children = (
				717D0F2D26946B1000BD4655 /* GoogleAPIInfo.swift */,
				717D0F332694731300BD4655 /* GoogleOAuthManager.swift */,
			);
			path = GoogleAPI;
			sourceTree = "<group>";
		};
		717D0F3626947D2300BD4655 /* AppModule */ = {
			isa = PBXGroup;
			children = (
				717D0F3926947D6B00BD4655 /* Router */,
				717D0F3826947D6700BD4655 /* View */,
				717D0F3726947D6300BD4655 /* Presenter */,
			);
			path = AppModule;
			sourceTree = "<group>";
		};
		717D0F3726947D6300BD4655 /* Presenter */ = {
			isa = PBXGroup;
			children = (
				717D0F3F26947FD700BD4655 /* AppPresenter.swift */,
			);
			path = Presenter;
			sourceTree = "<group>";
		};
		717D0F3826947D6700BD4655 /* View */ = {
			isa = PBXGroup;
			children = (
				7174876626B1FD50002067E1 /* AppView.swift */,
			);
			path = View;
			sourceTree = "<group>";
		};
		717D0F3926947D6B00BD4655 /* Router */ = {
			isa = PBXGroup;
			children = (
				717D0F3B26947FC100BD4655 /* AppRouter.swift */,
			);
			path = Router;
			sourceTree = "<group>";
		};
		717DC99626AAA21D00687D68 /* Router */ = {
			isa = PBXGroup;
			children = (
				717DC9A026AAA89E00687D68 /* SettingsRouter.swift */,
			);
			path = Router;
			sourceTree = "<group>";
		};
		717DC99726AAA22000687D68 /* View */ = {
			isa = PBXGroup;
			children = (
				717DC99926AAA23B00687D68 /* SettingsView.swift */,
				717DC99C26AAA3F500687D68 /* WebView.swift */,
				717DC9AE26B1334C00687D68 /* SafariView.swift */,
			);
			path = View;
			sourceTree = "<group>";
		};
		717DC99826AAA22200687D68 /* Presenter */ = {
			isa = PBXGroup;
			children = (
				717DC99E26AAA5DD00687D68 /* SettingsPresenter.swift */,
			);
			path = Presenter;
			sourceTree = "<group>";
		};
		717DC9A226AAF35A00687D68 /* GoogleAccountSetting */ = {
			isa = PBXGroup;
			children = (
				717DC9A526AAF38F00687D68 /* Presenter */,
				717DC9A426AAF38E00687D68 /* View */,
			);
			path = GoogleAccountSetting;
			sourceTree = "<group>";
		};
		717DC9A426AAF38E00687D68 /* View */ = {
			isa = PBXGroup;
			children = (
				717DC9AB26AAF43400687D68 /* GoogleAccountSettingView.swift */,
			);
			path = View;
			sourceTree = "<group>";
		};
		717DC9A526AAF38F00687D68 /* Presenter */ = {
			isa = PBXGroup;
			children = (
				717DC9A626AAF3E400687D68 /* GoogleAccountSettingPresenter.swift */,
			);
			path = Presenter;
			sourceTree = "<group>";
		};
		717DC9AD26B0A45B00687D68 /* Interactor */ = {
			isa = PBXGroup;
			children = (
				71AA3DBB2680CE65005D1CCC /* TodoUpdateInteractor.swift */,
			);
			path = Interactor;
			sourceTree = "<group>";
		};
		717F943926774ED400D11C58 = {
			isa = PBXGroup;
			children = (
				717F944426774ED400D11C58 /* commit */,
				717F944326774ED400D11C58 /* Products */,
				7601617007C297B650C3B68D /* Pods */,
				242FEDDA9055A23CD6779021 /* Frameworks */,
			);
			sourceTree = "<group>";
		};
		717F944326774ED400D11C58 /* Products */ = {
			isa = PBXGroup;
			children = (
				717F944226774ED400D11C58 /* commit.app */,
			);
			name = Products;
			sourceTree = "<group>";
		};
		717F944426774ED400D11C58 /* commit */ = {
			isa = PBXGroup;
			children = (
				717F945A26774FE800D11C58 /* Common */,
				717F945926774F7A00D11C58 /* Modules */,
				717F944526774ED400D11C58 /* AppDelegate.swift */,
				717F944726774ED400D11C58 /* SceneDelegate.swift */,
				717F944B26774EE200D11C58 /* Assets.xcassets */,
				717F945026774EE200D11C58 /* LaunchScreen.storyboard */,
				717F945326774EE200D11C58 /* Info.plist */,
				717F944D26774EE200D11C58 /* Preview Content */,
			);
			path = commit;
			sourceTree = "<group>";
		};
		717F944D26774EE200D11C58 /* Preview Content */ = {
			isa = PBXGroup;
			children = (
				717F944E26774EE200D11C58 /* Preview Assets.xcassets */,
			);
			path = "Preview Content";
			sourceTree = "<group>";
		};
		717F945926774F7A00D11C58 /* Modules */ = {
			isa = PBXGroup;
			children = (
				717DC9A226AAF35A00687D68 /* GoogleAccountSetting */,
				71DF396F269CB5620009A31F /* NormalTodoAddModule */,
				717D0F3626947D2300BD4655 /* AppModule */,
				716AC23C2687262A0003A989 /* SheetsSearchModule */,
				717F945F2677501000D11C58 /* SettingsModule */,
				717F945E2677500400D11C58 /* SheetsTodoAddModule */,
				717F945D26774FFF00D11C58 /* TodoAddModule */,
				717F945C26774FF700D11C58 /* TodoDetailModule */,
				717F945B26774FF200D11C58 /* TodoListModule */,
			);
			path = Modules;
			sourceTree = "<group>";
		};
		717F945A26774FE800D11C58 /* Common */ = {
			isa = PBXGroup;
			children = (
				71A9D65626BC4634002A7411 /* Utils */,
				717DC9AD26B0A45B00687D68 /* Interactor */,
				71DF39D2269E3B230009A31F /* Extension */,
				71DF399D269DCD480009A31F /* Components */,
				71DD31D3269AF1CD00F9BCB1 /* WebAPI */,
				717D0F32269472FB00BD4655 /* GoogleAPI */,
				718818A92690D4370078319F /* Struct */,
				7146C708268C960D00ACD588 /* Enum */,
				715C2F1A2679AA9300DA66F3 /* Mock */,
				717F9466267751BE00D11C58 /* Protocol */,
				717F94612677505C00D11C58 /* Repository */,
				717F94602677505600D11C58 /* Entity */,
			);
			path = Common;
			sourceTree = "<group>";
		};
		717F945B26774FF200D11C58 /* TodoListModule */ = {
			isa = PBXGroup;
			children = (
				71AA3DBA2680CE0C005D1CCC /* Interactor */,
				71AA3DB82680CE0C005D1CCC /* Presenter */,
				71AA3DB92680CE0C005D1CCC /* Router */,
				71AA3DB72680CE0C005D1CCC /* View */,
			);
			path = TodoListModule;
			sourceTree = "<group>";
		};
		717F945C26774FF700D11C58 /* TodoDetailModule */ = {
			isa = PBXGroup;
			children = (
				716AC229268725600003A989 /* View */,
				716AC2282687255C0003A989 /* Presenter */,
				716AC227268725570003A989 /* Interactor */,
			);
			path = TodoDetailModule;
			sourceTree = "<group>";
		};
		717F945D26774FFF00D11C58 /* TodoAddModule */ = {
			isa = PBXGroup;
			children = (
				71DF3979269CBDDD0009A31F /* Router */,
				716AC235268725CA0003A989 /* Interactor */,
				716AC234268725C80003A989 /* Presenter */,
				716AC233268725C30003A989 /* View */,
			);
			path = TodoAddModule;
			sourceTree = "<group>";
		};
		717F945E2677500400D11C58 /* SheetsTodoAddModule */ = {
			isa = PBXGroup;
			children = (
				716AC248268726D30003A989 /* Presenter */,
				716AC247268726D00003A989 /* View */,
				716AC2462687268B0003A989 /* Interactor */,
			);
			path = SheetsTodoAddModule;
			sourceTree = "<group>";
		};
		717F945F2677501000D11C58 /* SettingsModule */ = {
			isa = PBXGroup;
			children = (
				717DC99826AAA22200687D68 /* Presenter */,
				717DC99726AAA22000687D68 /* View */,
				717DC99626AAA21D00687D68 /* Router */,
			);
			path = SettingsModule;
			sourceTree = "<group>";
		};
		717F94602677505600D11C58 /* Entity */ = {
			isa = PBXGroup;
			children = (
				71AF451926790DA70084364A /* Todo.swift */,
				715C2F0B2679178D00DA66F3 /* List.swift */,
				715C2F1326791F7700DA66F3 /* Tag.swift */,
				715C2F15267921A700DA66F3 /* Preset.swift */,
				715C2F182679244F00DA66F3 /* SheetsHistory.swift */,
				71AA3DC626814B95005D1CCC /* SheetsTodoAttribute.swift */,
				71A9D67A26C17DBF002A7411 /* Section.swift */,
			);
			path = Entity;
			sourceTree = "<group>";
		};
		717F94612677505C00D11C58 /* Repository */ = {
			isa = PBXGroup;
			children = (
				7174876826B21C7D002067E1 /* RealmRepository.swift */,
				7174876A26B21D78002067E1 /* RealmRepositoryProtocol.swift */,
			);
			path = Repository;
			sourceTree = "<group>";
		};
		717F9466267751BE00D11C58 /* Protocol */ = {
			isa = PBXGroup;
			children = (
				71A190A02680C9B000C6D6E8 /* UseCase.swift */,
			);
			path = Protocol;
			sourceTree = "<group>";
		};
		718818A92690D4370078319F /* Struct */ = {
			isa = PBXGroup;
			children = (
				718818AA2690D4410078319F /* AddTodoQuery.swift */,
				71DF39DA269E3D830009A31F /* SheetPresetQuery.swift */,
				71DF39DC269E3E290009A31F /* SheetTodoQuery.swift */,
				71DF39DE269E41710009A31F /* UpdateTodoQuery.swift */,
			);
			path = Struct;
			sourceTree = "<group>";
		};
		71A9D64126B7B33C002A7411 /* Router */ = {
			isa = PBXGroup;
			children = (
				71A9D64226B7B34A002A7411 /* NormalTodoAddRouter.swift */,
			);
			path = Router;
			sourceTree = "<group>";
		};
		71A9D65626BC4634002A7411 /* Utils */ = {
			isa = PBXGroup;
			children = (
				71A9D65726BC464C002A7411 /* UserDataInitializer.swift */,
				71A9D67C26C18D3A002A7411 /* DataEraser.swift */,
				7125873126E8A09200E23369 /* UIFeedbackManager.swift */,
			);
			path = Utils;
			sourceTree = "<group>";
		};
		71AA3DB72680CE0C005D1CCC /* View */ = {
			isa = PBXGroup;
			children = (
				715C2F26267CDFDE00DA66F3 /* TodoListView.swift */,
				71FB6CD726DD1E0F00FABC90 /* SectionSpacer.swift */,
				71FB6CD526DD1B1B00FABC90 /* SectionDeleteConfirmAlert.swift */,
				716E8EC3267E5E470088A04D /* TodoListRow.swift */,
				71FB6CD326DD152B00FABC90 /* SectionHeader.swift */,
				71FB6CDB26DD279300FABC90 /* TodoSection.swift */,
				71FB6CD926DD1EE100FABC90 /* EmptySectionView.swift */,
				71FB6CDD26DD3DBD00FABC90 /* TodoAddButton.swift */,
			);
			path = View;
			sourceTree = "<group>";
		};
		71AA3DB82680CE0C005D1CCC /* Presenter */ = {
			isa = PBXGroup;
			children = (
				715C2F28267CE07F00DA66F3 /* TodoListPresenter.swift */,
			);
			path = Presenter;
			sourceTree = "<group>";
		};
		71AA3DB92680CE0C005D1CCC /* Router */ = {
			isa = PBXGroup;
			children = (
				715C2F2C267CE0A800DA66F3 /* TodoListRouter.swift */,
			);
			path = Router;
			sourceTree = "<group>";
		};
		71AA3DBA2680CE0C005D1CCC /* Interactor */ = {
			isa = PBXGroup;
			children = (
				71AA3DC82682E773005D1CCC /* ListFetchInteractor.swift */,
				7174876C26B256ED002067E1 /* DeleteSectionInteractor.swift */,
			);
			path = Interactor;
			sourceTree = "<group>";
		};
		71DD31D3269AF1CD00F9BCB1 /* WebAPI */ = {
			isa = PBXGroup;
			children = (
				71931AA426974FFE00BB404F /* GoogleAPIClientProtocol.swift */,
				71931AA226974C4000BB404F /* GoogleAPIClient.swift */,
				71931AAB2699BC7D00BB404F /* DriveAPIManager.swift */,
				71931AAD2699BFF800BB404F /* SheetsAPIManager.swift */,
				71931AA02697473000BB404F /* SheetsResponse.swift */,
				714A47EF26A6657200268779 /* GoogleAPIEntity.swift */,
				714A47F126A66DEF00268779 /* GoogleAPIRequest.swift */,
			);
			path = WebAPI;
			sourceTree = "<group>";
		};
		71DF396F269CB5620009A31F /* NormalTodoAddModule */ = {
			isa = PBXGroup;
			children = (
				71A9D64126B7B33C002A7411 /* Router */,
				71DF3972269CB5700009A31F /* Interactor */,
				71DF3971269CB56E0009A31F /* View */,
				71DF3970269CB56A0009A31F /* Presenter */,
			);
			path = NormalTodoAddModule;
			sourceTree = "<group>";
		};
		71DF3970269CB56A0009A31F /* Presenter */ = {
			isa = PBXGroup;
			children = (
				71DF3973269CB58C0009A31F /* NormalTodoAddPresenter.swift */,
			);
			path = Presenter;
			sourceTree = "<group>";
		};
		71DF3971269CB56E0009A31F /* View */ = {
			isa = PBXGroup;
			children = (
				71DF3977269CB5B70009A31F /* NormalTodoAddView.swift */,
				71A9D65026B94117002A7411 /* SectionAddView.swift */,
			);
			path = View;
			sourceTree = "<group>";
		};
		71DF3972269CB5700009A31F /* Interactor */ = {
			isa = PBXGroup;
			children = (
				71A9D64826B7B430002A7411 /* SectionAddInteractor.swift */,
				718818A72690D2580078319F /* TodoCreateInteractor.swift */,
				71A9D65226B945CE002A7411 /* FetchAllSectionsInteractor.swift */,
			);
			path = Interactor;
			sourceTree = "<group>";
		};
		71DF3979269CBDDD0009A31F /* Router */ = {
			isa = PBXGroup;
			children = (
				71DF397A269CBDF20009A31F /* TodoAddRouter.swift */,
			);
			path = Router;
			sourceTree = "<group>";
		};
		71DF399D269DCD480009A31F /* Components */ = {
			isa = PBXGroup;
			children = (
				71DF399F269DCD5E0009A31F /* SubmitButton.swift */,
				71A9D65426BA2BA1002A7411 /* GoogleSignInButton.swift */,
			);
			path = Components;
			sourceTree = "<group>";
		};
		71DF39D2269E3B230009A31F /* Extension */ = {
			isa = PBXGroup;
			children = (
				71DF39D3269E3B300009A31F /* StringProtocol.swift */,
			);
			path = Extension;
			sourceTree = "<group>";
		};
		7601617007C297B650C3B68D /* Pods */ = {
			isa = PBXGroup;
			children = (
				7B924A41A2AB38982B6AE3C2 /* Pods-commit.debug.xcconfig */,
				0A28657290E5C6EB7881A125 /* Pods-commit.release.xcconfig */,
			);
			path = Pods;
			sourceTree = "<group>";
		};
/* End PBXGroup section */

/* Begin PBXNativeTarget section */
		717F944126774ED400D11C58 /* commit */ = {
			isa = PBXNativeTarget;
			buildConfigurationList = 717F945626774EE200D11C58 /* Build configuration list for PBXNativeTarget "commit" */;
			buildPhases = (
				491F4F05B8C209D1B5AE79F1 /* [CP] Check Pods Manifest.lock */,
				717F943E26774ED400D11C58 /* Sources */,
				717F943F26774ED400D11C58 /* Frameworks */,
				717F944026774ED400D11C58 /* Resources */,
				717F9468267757B300D11C58 /* Swift Lint Script */,
				F196E37E39E5865B6C9A882F /* [CP] Embed Pods Frameworks */,
				CC4FBF608B4FA01AAF965D54 /* [CP] Copy Pods Resources */,
			);
			buildRules = (
			);
			dependencies = (
			);
			name = commit;
			productName = commit;
			productReference = 717F944226774ED400D11C58 /* commit.app */;
			productType = "com.apple.product-type.application";
		};
/* End PBXNativeTarget section */

/* Begin PBXProject section */
		717F943A26774ED400D11C58 /* Project object */ = {
			isa = PBXProject;
			attributes = {
				LastSwiftUpdateCheck = 1250;
				LastUpgradeCheck = 1250;
				TargetAttributes = {
					717F944126774ED400D11C58 = {
						CreatedOnToolsVersion = 12.5;
					};
				};
			};
			buildConfigurationList = 717F943D26774ED400D11C58 /* Build configuration list for PBXProject "commit" */;
			compatibilityVersion = "Xcode 9.3";
			developmentRegion = en;
			hasScannedForEncodings = 0;
			knownRegions = (
				en,
				Base,
			);
			mainGroup = 717F943926774ED400D11C58;
			productRefGroup = 717F944326774ED400D11C58 /* Products */;
			projectDirPath = "";
			projectRoot = "";
			targets = (
				717F944126774ED400D11C58 /* commit */,
			);
		};
/* End PBXProject section */

/* Begin PBXResourcesBuildPhase section */
		717F944026774ED400D11C58 /* Resources */ = {
			isa = PBXResourcesBuildPhase;
			buildActionMask = 2147483647;
			files = (
				717F945226774EE200D11C58 /* LaunchScreen.storyboard in Resources */,
				717F944F26774EE200D11C58 /* Preview Assets.xcassets in Resources */,
				717F944C26774EE200D11C58 /* Assets.xcassets in Resources */,
			);
			runOnlyForDeploymentPostprocessing = 0;
		};
/* End PBXResourcesBuildPhase section */

/* Begin PBXShellScriptBuildPhase section */
		491F4F05B8C209D1B5AE79F1 /* [CP] Check Pods Manifest.lock */ = {
			isa = PBXShellScriptBuildPhase;
			buildActionMask = 2147483647;
			files = (
			);
			inputFileListPaths = (
			);
			inputPaths = (
				"${PODS_PODFILE_DIR_PATH}/Podfile.lock",
				"${PODS_ROOT}/Manifest.lock",
			);
			name = "[CP] Check Pods Manifest.lock";
			outputFileListPaths = (
			);
			outputPaths = (
				"$(DERIVED_FILE_DIR)/Pods-commit-checkManifestLockResult.txt",
			);
			runOnlyForDeploymentPostprocessing = 0;
			shellPath = /bin/sh;
			shellScript = "diff \"${PODS_PODFILE_DIR_PATH}/Podfile.lock\" \"${PODS_ROOT}/Manifest.lock\" > /dev/null\nif [ $? != 0 ] ; then\n    # print error to STDERR\n    echo \"error: The sandbox is not in sync with the Podfile.lock. Run 'pod install' or update your CocoaPods installation.\" >&2\n    exit 1\nfi\n# This output is used by Xcode 'outputs' to avoid re-running this script phase.\necho \"SUCCESS\" > \"${SCRIPT_OUTPUT_FILE_0}\"\n";
			showEnvVarsInLog = 0;
		};
		717F9468267757B300D11C58 /* Swift Lint Script */ = {
			isa = PBXShellScriptBuildPhase;
			buildActionMask = 2147483647;
			files = (
			);
			inputFileListPaths = (
			);
			inputPaths = (
			);
			name = "Swift Lint Script";
			outputFileListPaths = (
			);
			outputPaths = (
			);
			runOnlyForDeploymentPostprocessing = 0;
			shellPath = /bin/sh;
			shellScript = "# Type a script or drag a script file from your workspace to insert its path.\nif which swiftlint >/dev/null; then\n  swiftlint\nelse\n  echo \"SwiftLint does not exist, download from https://github.com/realm/SwiftLint\"\nfi\n";
		};
		CC4FBF608B4FA01AAF965D54 /* [CP] Copy Pods Resources */ = {
			isa = PBXShellScriptBuildPhase;
			buildActionMask = 2147483647;
			files = (
			);
			inputFileListPaths = (
				"${PODS_ROOT}/Target Support Files/Pods-commit/Pods-commit-resources-${CONFIGURATION}-input-files.xcfilelist",
			);
			name = "[CP] Copy Pods Resources";
			outputFileListPaths = (
				"${PODS_ROOT}/Target Support Files/Pods-commit/Pods-commit-resources-${CONFIGURATION}-output-files.xcfilelist",
			);
			runOnlyForDeploymentPostprocessing = 0;
			shellPath = /bin/sh;
			shellScript = "\"${PODS_ROOT}/Target Support Files/Pods-commit/Pods-commit-resources.sh\"\n";
			showEnvVarsInLog = 0;
		};
		F196E37E39E5865B6C9A882F /* [CP] Embed Pods Frameworks */ = {
			isa = PBXShellScriptBuildPhase;
			buildActionMask = 2147483647;
			files = (
			);
			inputFileListPaths = (
				"${PODS_ROOT}/Target Support Files/Pods-commit/Pods-commit-frameworks-${CONFIGURATION}-input-files.xcfilelist",
			);
			name = "[CP] Embed Pods Frameworks";
			outputFileListPaths = (
				"${PODS_ROOT}/Target Support Files/Pods-commit/Pods-commit-frameworks-${CONFIGURATION}-output-files.xcfilelist",
			);
			runOnlyForDeploymentPostprocessing = 0;
			shellPath = /bin/sh;
			shellScript = "\"${PODS_ROOT}/Target Support Files/Pods-commit/Pods-commit-frameworks.sh\"\n";
			showEnvVarsInLog = 0;
		};
/* End PBXShellScriptBuildPhase section */

/* Begin PBXSourcesBuildPhase section */
		717F943E26774ED400D11C58 /* Sources */ = {
			isa = PBXSourcesBuildPhase;
			buildActionMask = 2147483647;
			files = (
				71A9D67B26C17DBF002A7411 /* Section.swift in Sources */,
				715C2F1C2679AB5500DA66F3 /* Mock.swift in Sources */,
				716AC22E268725930003A989 /* TodoDetailView.swift in Sources */,
				71931AAA2699B93300BB404F /* HTTPMethod.swift in Sources */,
				718818A82690D2580078319F /* TodoCreateInteractor.swift in Sources */,
				715C2F1426791F7700DA66F3 /* Tag.swift in Sources */,
				71FB6CDA26DD1EE100FABC90 /* EmptySectionView.swift in Sources */,
				715C2F16267921A700DA66F3 /* Preset.swift in Sources */,
				71DF39A0269DCD5E0009A31F /* SubmitButton.swift in Sources */,
				717F944626774ED400D11C58 /* AppDelegate.swift in Sources */,
				717DC9A126AAA89E00687D68 /* SettingsRouter.swift in Sources */,
				71FB6CD426DD152B00FABC90 /* SectionHeader.swift in Sources */,
				713613C826A86149008B66F8 /* WriteSheetsInteractor.swift in Sources */,
				71EA251726C42494003CF477 /* SheetConfirmView.swift in Sources */,
				71A190A12680C9B000C6D6E8 /* UseCase.swift in Sources */,
				716AC23B268726060003A989 /* TodoAddView.swift in Sources */,
				71F7FBA726A422F8003C8784 /* DeleteTodoInteractor.swift in Sources */,
				7174876926B21C7D002067E1 /* RealmRepository.swift in Sources */,
				716AC2452687267F0003A989 /* SheetsSearchInteractor.swift in Sources */,
				715C2F27267CDFDE00DA66F3 /* TodoListView.swift in Sources */,
				716AC2302687259E0003A989 /* TodoDetailPresenter.swift in Sources */,
				71A9D65326B945CE002A7411 /* FetchAllSectionsInteractor.swift in Sources */,
				71931AAC2699BC7D00BB404F /* DriveAPIManager.swift in Sources */,
				714A47F226A66DEF00268779 /* GoogleAPIRequest.swift in Sources */,
				717DC9AF26B1334C00687D68 /* SafariView.swift in Sources */,
				71AA3DC726814B95005D1CCC /* SheetsTodoAttribute.swift in Sources */,
				717F944826774ED400D11C58 /* SceneDelegate.swift in Sources */,
				714A481626A7117D00268779 /* FetchSheetsCellInteractor.swift in Sources */,
				717D0F2E26946B1000BD4655 /* GoogleAPIInfo.swift in Sources */,
				71FB6CD826DD1E0F00FABC90 /* SectionSpacer.swift in Sources */,
				71DF3978269CB5B70009A31F /* NormalTodoAddView.swift in Sources */,
				717DC9A726AAF3E400687D68 /* GoogleAccountSettingPresenter.swift in Sources */,
				718818AB2690D4410078319F /* AddTodoQuery.swift in Sources */,
				71A9D67D26C18D3A002A7411 /* DataEraser.swift in Sources */,
				716E8EC4267E5E470088A04D /* TodoListRow.swift in Sources */,
				71931AA526974FFE00BB404F /* GoogleAPIClientProtocol.swift in Sources */,
				71931A99269601D800BB404F /* SheetsTodoAddFormView.swift in Sources */,
				715C2F1E2679B1DB00DA66F3 /* TodoMock.swift in Sources */,
				715C2F2D267CE0A800DA66F3 /* TodoListRouter.swift in Sources */,
				71931AA326974C4000BB404F /* GoogleAPIClient.swift in Sources */,
				71DF39DD269E3E290009A31F /* SheetTodoQuery.swift in Sources */,
				717DC99D26AAA3F500687D68 /* WebView.swift in Sources */,
				7174876D26B256ED002067E1 /* DeleteSectionInteractor.swift in Sources */,
				716AC24A268727310003A989 /* SheetsFilesFetchInteractor.swift in Sources */,
				717DC99A26AAA23B00687D68 /* SettingsView.swift in Sources */,
				715C2F0C2679178D00DA66F3 /* List.swift in Sources */,
				71FB6CD626DD1B1B00FABC90 /* SectionDeleteConfirmAlert.swift in Sources */,
				7174876B26B21D78002067E1 /* RealmRepositoryProtocol.swift in Sources */,
				716AC241268726500003A989 /* SheetsSearchView.swift in Sources */,
				71DF39D4269E3B300009A31F /* StringProtocol.swift in Sources */,
				71AF451A26790DA70084364A /* Todo.swift in Sources */,
				7146C70A268C961900ACD588 /* TodoTypes.swift in Sources */,
				71CB63D8269A0CAB003C98A8 /* SheetsCellsFetchInteractor.swift in Sources */,
				71E41742269F1DF7003A75C6 /* CurrentListFetchInteractor.swift in Sources */,
				717D0F3C26947FC100BD4655 /* AppRouter.swift in Sources */,
				716AC220268593CE0003A989 /* SampleDataGenerator.swift in Sources */,
				714A47F026A6657200268779 /* GoogleAPIEntity.swift in Sources */,
				71FB6CDE26DD3DBD00FABC90 /* TodoAddButton.swift in Sources */,
				716AC2432687265C0003A989 /* SheetsSearchPresenter.swift in Sources */,
				71FB6CDC26DD279300FABC90 /* TodoSection.swift in Sources */,
				7174876726B1FD50002067E1 /* AppView.swift in Sources */,
				71931A9B26960DB000BB404F /* SheetColumn.swift in Sources */,
				71CB63DA269A0E4C003C98A8 /* SheetsInfoFetchInteractor.swift in Sources */,
				71931AA12697473000BB404F /* SheetsResponse.swift in Sources */,
				71A9D65126B94117002A7411 /* SectionAddView.swift in Sources */,
				71931AAE2699BFF800BB404F /* SheetsAPIManager.swift in Sources */,
				7125873226E8A09200E23369 /* UIFeedbackManager.swift in Sources */,
				71AA3DC92682E773005D1CCC /* ListFetchInteractor.swift in Sources */,
				71DF39DB269E3D830009A31F /* SheetPresetQuery.swift in Sources */,
				715C2F29267CE07F00DA66F3 /* TodoListPresenter.swift in Sources */,
				715A3A0426C3EFB5004D14C8 /* CreateSheetDataInteractor.swift in Sources */,
				717DC9AC26AAF43400687D68 /* GoogleAccountSettingView.swift in Sources */,
				717DC99F26AAA5DD00687D68 /* SettingsPresenter.swift in Sources */,
				717D0F4026947FD700BD4655 /* AppPresenter.swift in Sources */,
				715C2F192679244F00DA66F3 /* SheetsHistory.swift in Sources */,
				71A9D65526BA2BA1002A7411 /* GoogleSignInButton.swift in Sources */,
				71DF397B269CBDF20009A31F /* TodoAddRouter.swift in Sources */,
				71A9D64326B7B34A002A7411 /* NormalTodoAddRouter.swift in Sources */,
				716AC24E268727430003A989 /* SheetsAddPresenter.swift in Sources */,
				71AA3DBC2680CE65005D1CCC /* TodoUpdateInteractor.swift in Sources */,
				717D0F342694731300BD4655 /* GoogleOAuthManager.swift in Sources */,
				716AC24C2687273B0003A989 /* SheetsTodoAddView.swift in Sources */,
				718D240E269B74610012B1CB /* RequireGoogleOAuthView.swift in Sources */,
				716AC239268725FA0003A989 /* TodoAddPresenter.swift in Sources */,
				71DF3974269CB58C0009A31F /* NormalTodoAddPresenter.swift in Sources */,
				71DF39DF269E41710009A31F /* UpdateTodoQuery.swift in Sources */,
				71A9D65826BC464C002A7411 /* UserDataInitializer.swift in Sources */,
				71A9D64926B7B430002A7411 /* SectionAddInteractor.swift in Sources */,
				712E978326E15C7900292C7D /* PresentationState.swift in Sources */,
				715C2F20267B64E700DA66F3 /* ListMock.swift in Sources */,
			);
			runOnlyForDeploymentPostprocessing = 0;
		};
/* End PBXSourcesBuildPhase section */

/* Begin PBXVariantGroup section */
		717F945026774EE200D11C58 /* LaunchScreen.storyboard */ = {
			isa = PBXVariantGroup;
			children = (
				717F945126774EE200D11C58 /* Base */,
			);
			name = LaunchScreen.storyboard;
			sourceTree = "<group>";
		};
/* End PBXVariantGroup section */

/* Begin XCBuildConfiguration section */
		717F945426774EE200D11C58 /* Debug */ = {
			isa = XCBuildConfiguration;
			buildSettings = {
				ALWAYS_SEARCH_USER_PATHS = NO;
				CLANG_ANALYZER_NONNULL = YES;
				CLANG_ANALYZER_NUMBER_OBJECT_CONVERSION = YES_AGGRESSIVE;
				CLANG_CXX_LANGUAGE_STANDARD = "gnu++14";
				CLANG_CXX_LIBRARY = "libc++";
				CLANG_ENABLE_MODULES = YES;
				CLANG_ENABLE_OBJC_ARC = YES;
				CLANG_ENABLE_OBJC_WEAK = YES;
				CLANG_WARN_BLOCK_CAPTURE_AUTORELEASING = YES;
				CLANG_WARN_BOOL_CONVERSION = YES;
				CLANG_WARN_COMMA = YES;
				CLANG_WARN_CONSTANT_CONVERSION = YES;
				CLANG_WARN_DEPRECATED_OBJC_IMPLEMENTATIONS = YES;
				CLANG_WARN_DIRECT_OBJC_ISA_USAGE = YES_ERROR;
				CLANG_WARN_DOCUMENTATION_COMMENTS = YES;
				CLANG_WARN_EMPTY_BODY = YES;
				CLANG_WARN_ENUM_CONVERSION = YES;
				CLANG_WARN_INFINITE_RECURSION = YES;
				CLANG_WARN_INT_CONVERSION = YES;
				CLANG_WARN_NON_LITERAL_NULL_CONVERSION = YES;
				CLANG_WARN_OBJC_IMPLICIT_RETAIN_SELF = YES;
				CLANG_WARN_OBJC_LITERAL_CONVERSION = YES;
				CLANG_WARN_OBJC_ROOT_CLASS = YES_ERROR;
				CLANG_WARN_QUOTED_INCLUDE_IN_FRAMEWORK_HEADER = YES;
				CLANG_WARN_RANGE_LOOP_ANALYSIS = YES;
				CLANG_WARN_STRICT_PROTOTYPES = YES;
				CLANG_WARN_SUSPICIOUS_MOVE = YES;
				CLANG_WARN_UNGUARDED_AVAILABILITY = YES_AGGRESSIVE;
				CLANG_WARN_UNREACHABLE_CODE = YES;
				CLANG_WARN__DUPLICATE_METHOD_MATCH = YES;
				CODE_SIGN_IDENTITY = "Sign To Run Locally ";
				COPY_PHASE_STRIP = NO;
				DEBUG_INFORMATION_FORMAT = dwarf;
				ENABLE_STRICT_OBJC_MSGSEND = YES;
				ENABLE_TESTABILITY = YES;
				GCC_C_LANGUAGE_STANDARD = gnu11;
				GCC_DYNAMIC_NO_PIC = NO;
				GCC_NO_COMMON_BLOCKS = YES;
				GCC_OPTIMIZATION_LEVEL = 0;
				GCC_PREPROCESSOR_DEFINITIONS = (
					"DEBUG=1",
					"$(inherited)",
				);
				GCC_WARN_64_TO_32_BIT_CONVERSION = YES;
				GCC_WARN_ABOUT_RETURN_TYPE = YES_ERROR;
				GCC_WARN_UNDECLARED_SELECTOR = YES;
				GCC_WARN_UNINITIALIZED_AUTOS = YES_AGGRESSIVE;
				GCC_WARN_UNUSED_FUNCTION = YES;
				GCC_WARN_UNUSED_VARIABLE = YES;
				IPHONEOS_DEPLOYMENT_TARGET = 14.5;
				MTL_ENABLE_DEBUG_INFO = INCLUDE_SOURCE;
				MTL_FAST_MATH = YES;
				ONLY_ACTIVE_ARCH = YES;
				SDKROOT = iphoneos;
				SWIFT_ACTIVE_COMPILATION_CONDITIONS = DEBUG;
				SWIFT_OPTIMIZATION_LEVEL = "-Onone";
			};
			name = Debug;
		};
		717F945526774EE200D11C58 /* Release */ = {
			isa = XCBuildConfiguration;
			buildSettings = {
				ALWAYS_SEARCH_USER_PATHS = NO;
				CLANG_ANALYZER_NONNULL = YES;
				CLANG_ANALYZER_NUMBER_OBJECT_CONVERSION = YES_AGGRESSIVE;
				CLANG_CXX_LANGUAGE_STANDARD = "gnu++14";
				CLANG_CXX_LIBRARY = "libc++";
				CLANG_ENABLE_MODULES = YES;
				CLANG_ENABLE_OBJC_ARC = YES;
				CLANG_ENABLE_OBJC_WEAK = YES;
				CLANG_WARN_BLOCK_CAPTURE_AUTORELEASING = YES;
				CLANG_WARN_BOOL_CONVERSION = YES;
				CLANG_WARN_COMMA = YES;
				CLANG_WARN_CONSTANT_CONVERSION = YES;
				CLANG_WARN_DEPRECATED_OBJC_IMPLEMENTATIONS = YES;
				CLANG_WARN_DIRECT_OBJC_ISA_USAGE = YES_ERROR;
				CLANG_WARN_DOCUMENTATION_COMMENTS = YES;
				CLANG_WARN_EMPTY_BODY = YES;
				CLANG_WARN_ENUM_CONVERSION = YES;
				CLANG_WARN_INFINITE_RECURSION = YES;
				CLANG_WARN_INT_CONVERSION = YES;
				CLANG_WARN_NON_LITERAL_NULL_CONVERSION = YES;
				CLANG_WARN_OBJC_IMPLICIT_RETAIN_SELF = YES;
				CLANG_WARN_OBJC_LITERAL_CONVERSION = YES;
				CLANG_WARN_OBJC_ROOT_CLASS = YES_ERROR;
				CLANG_WARN_QUOTED_INCLUDE_IN_FRAMEWORK_HEADER = YES;
				CLANG_WARN_RANGE_LOOP_ANALYSIS = YES;
				CLANG_WARN_STRICT_PROTOTYPES = YES;
				CLANG_WARN_SUSPICIOUS_MOVE = YES;
				CLANG_WARN_UNGUARDED_AVAILABILITY = YES_AGGRESSIVE;
				CLANG_WARN_UNREACHABLE_CODE = YES;
				CLANG_WARN__DUPLICATE_METHOD_MATCH = YES;
				CODE_SIGN_IDENTITY = "Sign To Run Locally ";
				COPY_PHASE_STRIP = NO;
				DEBUG_INFORMATION_FORMAT = "dwarf-with-dsym";
				ENABLE_NS_ASSERTIONS = NO;
				ENABLE_STRICT_OBJC_MSGSEND = YES;
				GCC_C_LANGUAGE_STANDARD = gnu11;
				GCC_NO_COMMON_BLOCKS = YES;
				GCC_WARN_64_TO_32_BIT_CONVERSION = YES;
				GCC_WARN_ABOUT_RETURN_TYPE = YES_ERROR;
				GCC_WARN_UNDECLARED_SELECTOR = YES;
				GCC_WARN_UNINITIALIZED_AUTOS = YES_AGGRESSIVE;
				GCC_WARN_UNUSED_FUNCTION = YES;
				GCC_WARN_UNUSED_VARIABLE = YES;
				IPHONEOS_DEPLOYMENT_TARGET = 14.5;
				MTL_ENABLE_DEBUG_INFO = NO;
				MTL_FAST_MATH = YES;
				SDKROOT = iphoneos;
				SWIFT_COMPILATION_MODE = wholemodule;
				SWIFT_OPTIMIZATION_LEVEL = "-O";
				VALIDATE_PRODUCT = YES;
			};
			name = Release;
		};
		717F945726774EE200D11C58 /* Debug */ = {
			isa = XCBuildConfiguration;
			baseConfigurationReference = 7B924A41A2AB38982B6AE3C2 /* Pods-commit.debug.xcconfig */;
			buildSettings = {
				ASSETCATALOG_COMPILER_APPICON_NAME = AppIcon;
				ASSETCATALOG_COMPILER_GLOBAL_ACCENT_COLOR_NAME = AccentColor;
				CODE_SIGN_IDENTITY = "Apple Development";
				CODE_SIGN_STYLE = Automatic;
				CURRENT_PROJECT_VERSION = 2;
				DEVELOPMENT_ASSET_PATHS = "\"commit/Preview Content\"";
				DEVELOPMENT_TEAM = 4RZ24YRQ42;
				ENABLE_PREVIEWS = YES;
				INFOPLIST_FILE = commit/Info.plist;
				LD_RUNPATH_SEARCH_PATHS = (
					"$(inherited)",
					"@executable_path/Frameworks",
				);
				MARKETING_VERSION = 1.0.1;
				PRODUCT_BUNDLE_IDENTIFIER = "com.tomoya-tanaka.commit";
				PRODUCT_NAME = "$(TARGET_NAME)";
				PROVISIONING_PROFILE_SPECIFIER = "";
				SWIFT_OPTIMIZATION_LEVEL = "-Onone";
				SWIFT_PRECOMPILE_BRIDGING_HEADER = YES;
				SWIFT_VERSION = 5.0;
				TARGETED_DEVICE_FAMILY = 1;
			};
			name = Debug;
		};
		717F945826774EE200D11C58 /* Release */ = {
			isa = XCBuildConfiguration;
			baseConfigurationReference = 0A28657290E5C6EB7881A125 /* Pods-commit.release.xcconfig */;
			buildSettings = {
				ASSETCATALOG_COMPILER_APPICON_NAME = AppIcon;
				ASSETCATALOG_COMPILER_GLOBAL_ACCENT_COLOR_NAME = AccentColor;
				CODE_SIGN_IDENTITY = "Apple Development";
				CODE_SIGN_STYLE = Automatic;
				CURRENT_PROJECT_VERSION = 2;
				DEVELOPMENT_ASSET_PATHS = "\"commit/Preview Content\"";
				DEVELOPMENT_TEAM = 4RZ24YRQ42;
				ENABLE_PREVIEWS = YES;
				INFOPLIST_FILE = commit/Info.plist;
				LD_RUNPATH_SEARCH_PATHS = (
					"$(inherited)",
					"@executable_path/Frameworks",
				);
				MARKETING_VERSION = 1.0.1;
				PRODUCT_BUNDLE_IDENTIFIER = "com.tomoya-tanaka.commit";
				PRODUCT_NAME = "$(TARGET_NAME)";
				PROVISIONING_PROFILE_SPECIFIER = "";
				SWIFT_OPTIMIZATION_LEVEL = "-Onone";
				SWIFT_PRECOMPILE_BRIDGING_HEADER = YES;
				SWIFT_VERSION = 5.0;
				TARGETED_DEVICE_FAMILY = 1;
			};
			name = Release;
		};
/* End XCBuildConfiguration section */

/* Begin XCConfigurationList section */
		717F943D26774ED400D11C58 /* Build configuration list for PBXProject "commit" */ = {
			isa = XCConfigurationList;
			buildConfigurations = (
				717F945426774EE200D11C58 /* Debug */,
				717F945526774EE200D11C58 /* Release */,
			);
			defaultConfigurationIsVisible = 0;
			defaultConfigurationName = Release;
		};
		717F945626774EE200D11C58 /* Build configuration list for PBXNativeTarget "commit" */ = {
			isa = XCConfigurationList;
			buildConfigurations = (
				717F945726774EE200D11C58 /* Debug */,
				717F945826774EE200D11C58 /* Release */,
			);
			defaultConfigurationIsVisible = 0;
			defaultConfigurationName = Release;
		};
/* End XCConfigurationList section */
	};
	rootObject = 717F943A26774ED400D11C58 /* Project object */;
}
